<?xml version="1.0" encoding="utf-8"?>
<!--
#################################################################
#   GENERATED SOURCE CODE, DO NOT EDIT EXCEPT EXPERIMENTALLY    #
#################################################################
-->
<Project ToolsVersion="4.0" xmlns="http://schemas.microsoft.com/developer/msbuild/2003">
  <ItemGroup>
    <None Include="packages.config" />
  </ItemGroup>
  <ItemGroup>
    <Filter Include="include\bitcoin\explorer\commands">
      <UniqueIdentifier>{8f3f62c0-53c7-4044-a1da-c3fcc9d27651}</UniqueIdentifier>
    </Filter>
    <Filter Include="include\bitcoin\explorer\commands\network">
      <UniqueIdentifier>{E9B42E1D-5F9D-41FA-AB9B-75D15069071C}</UniqueIdentifier>
    </Filter>
    <Filter Include="include\bitcoin\explorer\commands\obsolete">
      <UniqueIdentifier>{268700C7-1C9D-44FF-B1CE-3104893288A4}</UniqueIdentifier>
    </Filter>
    <Filter Include="include\bitcoin\explorer\commands\stub">
      <UniqueIdentifier>{1A3D8C7D-8801-42D9-8420-A7E95CD259AE}</UniqueIdentifier>
    </Filter>
    <Filter Include="include\bitcoin\explorer\impl">
      <UniqueIdentifier>{d34fd634-a274-4629-8a8f-c588117d9733}</UniqueIdentifier>
    </Filter>
    <Filter Include="include\bitcoin\explorer\primitives">
      <UniqueIdentifier>{3857250F-34CC-43E4-9781-68B9E01BBD9D}</UniqueIdentifier>
    </Filter>
    <Filter Include="include\bitcoin\explorer">
      <UniqueIdentifier>{31B4AAFD-BE8B-45EF-BCDC-B696C320F9F5}</UniqueIdentifier>
    </Filter>
    <Filter Include="include\bitcoin">
      <UniqueIdentifier>{f75d4585-8ee2-45e8-96ec-880c63fc243e}</UniqueIdentifier>
    </Filter>
    <Filter Include="include">
      <UniqueIdentifier>{86400492-13FA-494A-87E4-1E33C7EB2476}</UniqueIdentifier>
    </Filter>
    <Filter Include="src\commands\network">
      <UniqueIdentifier>{4085fba5-b358-4b3f-968f-ee8be943775f}</UniqueIdentifier>
    </Filter>
    <Filter Include="src\commands\obsolete">
      <UniqueIdentifier>{DF81EBEE-BB03-406B-B4C5-1D9FD2964E97}</UniqueIdentifier>
    </Filter>
    <Filter Include="src\commands\stub">
      <UniqueIdentifier>{e96f4bef-2d18-4897-9078-a8c17783ee65}</UniqueIdentifier>
    </Filter>
    <Filter Include="src\commands">
      <UniqueIdentifier>{4085fba5-b358-4b3f-968f-ee8be943775f}</UniqueIdentifier>
    </Filter>
    <Filter Include="src\primitives">
      <UniqueIdentifier>{6CE1C682-2E57-4EA8-B819-5C733184121A}</UniqueIdentifier>
    </Filter>
    <Filter Include="src">
      <UniqueIdentifier>{6afc4dd0-6330-4dca-b176-cd4887f27b9f}</UniqueIdentifier>
    </Filter>
  </ItemGroup>
  <ItemGroup>
    <ClInclude Include="..\..\..\..\include\bitcoin\explorer\commands\address-decode.hpp">
      <Filter>include\bitcoin\explorer\commands</Filter>
    </ClInclude>
    <ClInclude Include="..\..\..\..\include\bitcoin\explorer\commands\address-embed.hpp">
      <Filter>include\bitcoin\explorer\commands</Filter>
    </ClInclude>
    <ClInclude Include="..\..\..\..\include\bitcoin\explorer\commands\address-encode.hpp">
      <Filter>include\bitcoin\explorer\commands</Filter>
    </ClInclude>
    <ClInclude Include="..\..\..\..\include\bitcoin\explorer\commands\address-validate.hpp">
      <Filter>include\bitcoin\explorer\commands</Filter>
    </ClInclude>
    <ClInclude Include="..\..\..\..\include\bitcoin\explorer\commands\base16-decode.hpp">
      <Filter>include\bitcoin\explorer\commands</Filter>
    </ClInclude>
    <ClInclude Include="..\..\..\..\include\bitcoin\explorer\commands\base16-encode.hpp">
      <Filter>include\bitcoin\explorer\commands</Filter>
    </ClInclude>
    <ClInclude Include="..\..\..\..\include\bitcoin\explorer\commands\base58-decode.hpp">
      <Filter>include\bitcoin\explorer\commands</Filter>
    </ClInclude>
    <ClInclude Include="..\..\..\..\include\bitcoin\explorer\commands\base58-encode.hpp">
      <Filter>include\bitcoin\explorer\commands</Filter>
    </ClInclude>
    <ClInclude Include="..\..\..\..\include\bitcoin\explorer\commands\base58check-decode.hpp">
      <Filter>include\bitcoin\explorer\commands</Filter>
    </ClInclude>
    <ClInclude Include="..\..\..\..\include\bitcoin\explorer\commands\base58check-encode.hpp">
      <Filter>include\bitcoin\explorer\commands</Filter>
    </ClInclude>
    <ClInclude Include="..\..\..\..\include\bitcoin\explorer\commands\base64-decode.hpp">
      <Filter>include\bitcoin\explorer\commands</Filter>
    </ClInclude>
    <ClInclude Include="..\..\..\..\include\bitcoin\explorer\commands\base64-encode.hpp">
      <Filter>include\bitcoin\explorer\commands</Filter>
    </ClInclude>
    <ClInclude Include="..\..\..\..\include\bitcoin\explorer\commands\bci-fetch-last-height.hpp">
      <Filter>include\bitcoin\explorer\commands\obsolete</Filter>
    </ClInclude>
    <ClInclude Include="..\..\..\..\include\bitcoin\explorer\commands\bci-history.hpp">
      <Filter>include\bitcoin\explorer\commands\obsolete</Filter>
    </ClInclude>
    <ClInclude Include="..\..\..\..\include\bitcoin\explorer\commands\bitcoin160.hpp">
      <Filter>include\bitcoin\explorer\commands</Filter>
    </ClInclude>
    <ClInclude Include="..\..\..\..\include\bitcoin\explorer\commands\bitcoin256.hpp">
      <Filter>include\bitcoin\explorer\commands</Filter>
    </ClInclude>
    <ClInclude Include="..\..\..\..\include\bitcoin\explorer\commands\blke-fetch-transaction.hpp">
      <Filter>include\bitcoin\explorer\commands\obsolete</Filter>
    </ClInclude>
    <ClInclude Include="..\..\..\..\include\bitcoin\explorer\commands\btc-to-satoshi.hpp">
      <Filter>include\bitcoin\explorer\commands</Filter>
    </ClInclude>
    <ClInclude Include="..\..\..\..\include\bitcoin\explorer\commands\ec-add.hpp">
      <Filter>include\bitcoin\explorer\commands</Filter>
    </ClInclude>
    <ClInclude Include="..\..\..\..\include\bitcoin\explorer\commands\ec-add-secrets.hpp">
      <Filter>include\bitcoin\explorer\commands</Filter>
    </ClInclude>
    <ClInclude Include="..\..\..\..\include\bitcoin\explorer\commands\ec-lock.hpp">
      <Filter>include\bitcoin\explorer\commands\stub</Filter>
    </ClInclude>
    <ClInclude Include="..\..\..\..\include\bitcoin\explorer\commands\ec-multiply.hpp">
      <Filter>include\bitcoin\explorer\commands</Filter>
    </ClInclude>
    <ClInclude Include="..\..\..\..\include\bitcoin\explorer\commands\ec-multiply-secrets.hpp">
      <Filter>include\bitcoin\explorer\commands</Filter>
    </ClInclude>
    <ClInclude Include="..\..\..\..\include\bitcoin\explorer\commands\ec-new.hpp">
      <Filter>include\bitcoin\explorer\commands</Filter>
    </ClInclude>
    <ClInclude Include="..\..\..\..\include\bitcoin\explorer\commands\ec-to-address.hpp">
      <Filter>include\bitcoin\explorer\commands</Filter>
    </ClInclude>
    <ClInclude Include="..\..\..\..\include\bitcoin\explorer\commands\ec-to-public.hpp">
      <Filter>include\bitcoin\explorer\commands</Filter>
    </ClInclude>
    <ClInclude Include="..\..\..\..\include\bitcoin\explorer\commands\ec-to-wif.hpp">
      <Filter>include\bitcoin\explorer\commands</Filter>
    </ClInclude>
    <ClInclude Include="..\..\..\..\include\bitcoin\explorer\commands\ec-unlock.hpp">
      <Filter>include\bitcoin\explorer\commands\stub</Filter>
    </ClInclude>
    <ClInclude Include="..\..\..\..\include\bitcoin\explorer\commands\fetch-balance.hpp">
      <Filter>include\bitcoin\explorer\commands\network</Filter>
    </ClInclude>
    <ClInclude Include="..\..\..\..\include\bitcoin\explorer\commands\fetch-header.hpp">
      <Filter>include\bitcoin\explorer\commands\network</Filter>
    </ClInclude>
    <ClInclude Include="..\..\..\..\include\bitcoin\explorer\commands\fetch-height.hpp">
      <Filter>include\bitcoin\explorer\commands\network</Filter>
    </ClInclude>
    <ClInclude Include="..\..\..\..\include\bitcoin\explorer\commands\fetch-history.hpp">
      <Filter>include\bitcoin\explorer\commands\network</Filter>
    </ClInclude>
    <ClInclude Include="..\..\..\..\include\bitcoin\explorer\commands\fetch-public-key.hpp">
      <Filter>include\bitcoin\explorer\commands\stub</Filter>
    </ClInclude>
    <ClInclude Include="..\..\..\..\include\bitcoin\explorer\commands\fetch-stealth.hpp">
      <Filter>include\bitcoin\explorer\commands\network</Filter>
    </ClInclude>
    <ClInclude Include="..\..\..\..\include\bitcoin\explorer\commands\fetch-tx.hpp">
      <Filter>include\bitcoin\explorer\commands\network</Filter>
    </ClInclude>
    <ClInclude Include="..\..\..\..\include\bitcoin\explorer\commands\fetch-tx-index.hpp">
      <Filter>include\bitcoin\explorer\commands\network</Filter>
    </ClInclude>
    <ClInclude Include="..\..\..\..\include\bitcoin\explorer\commands\fetch-utxo.hpp">
      <Filter>include\bitcoin\explorer\commands\stub</Filter>
    </ClInclude>
    <ClInclude Include="..\..\..\..\include\bitcoin\explorer\commands\genaddr.hpp">
      <Filter>include\bitcoin\explorer\commands\obsolete</Filter>
    </ClInclude>
    <ClInclude Include="..\..\..\..\include\bitcoin\explorer\commands\genpriv.hpp">
      <Filter>include\bitcoin\explorer\commands\obsolete</Filter>
    </ClInclude>
    <ClInclude Include="..\..\..\..\include\bitcoin\explorer\commands\genpub.hpp">
      <Filter>include\bitcoin\explorer\commands\obsolete</Filter>
    </ClInclude>
    <ClInclude Include="..\..\..\..\include\bitcoin\explorer\commands\hd-new.hpp">
      <Filter>include\bitcoin\explorer\commands</Filter>
    </ClInclude>
    <ClInclude Include="..\..\..\..\include\bitcoin\explorer\commands\hd-private.hpp">
      <Filter>include\bitcoin\explorer\commands</Filter>
    </ClInclude>
    <ClInclude Include="..\..\..\..\include\bitcoin\explorer\commands\hd-public.hpp">
      <Filter>include\bitcoin\explorer\commands</Filter>
    </ClInclude>
    <ClInclude Include="..\..\..\..\include\bitcoin\explorer\commands\hd-to-address.hpp">
      <Filter>include\bitcoin\explorer\commands</Filter>
    </ClInclude>
    <ClInclude Include="..\..\..\..\include\bitcoin\explorer\commands\hd-to-ec.hpp">
      <Filter>include\bitcoin\explorer\commands</Filter>
    </ClInclude>
    <ClInclude Include="..\..\..\..\include\bitcoin\explorer\commands\hd-to-public.hpp">
      <Filter>include\bitcoin\explorer\commands</Filter>
    </ClInclude>
    <ClInclude Include="..\..\..\..\include\bitcoin\explorer\commands\hd-to-wif.hpp">
      <Filter>include\bitcoin\explorer\commands</Filter>
    </ClInclude>
    <ClInclude Include="..\..\..\..\include\bitcoin\explorer\commands\help.hpp">
      <Filter>include\bitcoin\explorer\commands</Filter>
    </ClInclude>
    <ClInclude Include="..\..\..\..\include\bitcoin\explorer\commands\initchain.hpp">
      <Filter>include\bitcoin\explorer\commands\obsolete</Filter>
    </ClInclude>
    <ClInclude Include="..\..\..\..\include\bitcoin\explorer\commands\input-set.hpp">
      <Filter>include\bitcoin\explorer\commands</Filter>
    </ClInclude>
    <ClInclude Include="..\..\..\..\include\bitcoin\explorer\commands\input-sign.hpp">
      <Filter>include\bitcoin\explorer\commands</Filter>
    </ClInclude>
    <ClInclude Include="..\..\..\..\include\bitcoin\explorer\commands\input-validate.hpp">
      <Filter>include\bitcoin\explorer\commands</Filter>
    </ClInclude>
    <ClInclude Include="..\..\..\..\include\bitcoin\explorer\commands\message-sign.hpp">
      <Filter>include\bitcoin\explorer\commands</Filter>
    </ClInclude>
    <ClInclude Include="..\..\..\..\include\bitcoin\explorer\commands\message-validate.hpp">
      <Filter>include\bitcoin\explorer\commands</Filter>
    </ClInclude>
    <ClInclude Include="..\..\..\..\include\bitcoin\explorer\commands\mnemonic-decode.hpp">
      <Filter>include\bitcoin\explorer\commands</Filter>
    </ClInclude>
    <ClInclude Include="..\..\..\..\include\bitcoin\explorer\commands\mnemonic-encode.hpp">
      <Filter>include\bitcoin\explorer\commands</Filter>
    </ClInclude>
    <ClInclude Include="..\..\..\..\include\bitcoin\explorer\commands\mpk.hpp">
      <Filter>include\bitcoin\explorer\commands\obsolete</Filter>
    </ClInclude>
    <ClInclude Include="..\..\..\..\include\bitcoin\explorer\commands\newseed.hpp">
      <Filter>include\bitcoin\explorer\commands\obsolete</Filter>
    </ClInclude>
    <ClInclude Include="..\..\..\..\include\bitcoin\explorer\commands\qrcode.hpp">
      <Filter>include\bitcoin\explorer\commands\stub</Filter>
    </ClInclude>
    <ClInclude Include="..\..\..\..\include\bitcoin\explorer\commands\ripemd160.hpp">
      <Filter>include\bitcoin\explorer\commands</Filter>
    </ClInclude>
    <ClInclude Include="..\..\..\..\include\bitcoin\explorer\commands\satoshi-to-btc.hpp">
      <Filter>include\bitcoin\explorer\commands</Filter>
    </ClInclude>
    <ClInclude Include="..\..\..\..\include\bitcoin\explorer\commands\script-decode.hpp">
      <Filter>include\bitcoin\explorer\commands</Filter>
    </ClInclude>
    <ClInclude Include="..\..\..\..\include\bitcoin\explorer\commands\script-encode.hpp">
      <Filter>include\bitcoin\explorer\commands</Filter>
    </ClInclude>
    <ClInclude Include="..\..\..\..\include\bitcoin\explorer\commands\script-to-address.hpp">
      <Filter>include\bitcoin\explorer\commands</Filter>
    </ClInclude>
    <ClInclude Include="..\..\..\..\include\bitcoin\explorer\commands\seed.hpp">
      <Filter>include\bitcoin\explorer\commands</Filter>
    </ClInclude>
    <ClInclude Include="..\..\..\..\include\bitcoin\explorer\commands\send-tx.hpp">
      <Filter>include\bitcoin\explorer\commands\network</Filter>
    </ClInclude>
    <ClInclude Include="..\..\..\..\include\bitcoin\explorer\commands\send-tx-node.hpp">
      <Filter>include\bitcoin\explorer\commands\network</Filter>
    </ClInclude>
    <ClInclude Include="..\..\..\..\include\bitcoin\explorer\commands\send-tx-p2p.hpp">
      <Filter>include\bitcoin\explorer\commands\network</Filter>
    </ClInclude>
    <ClInclude Include="..\..\..\..\include\bitcoin\explorer\commands\sendtx-bci.hpp">
      <Filter>include\bitcoin\explorer\commands\obsolete</Filter>
    </ClInclude>
    <ClInclude Include="..\..\..\..\include\bitcoin\explorer\commands\settings.hpp">
      <Filter>include\bitcoin\explorer\commands</Filter>
    </ClInclude>
    <ClInclude Include="..\..\..\..\include\bitcoin\explorer\commands\sha160.hpp">
      <Filter>include\bitcoin\explorer\commands</Filter>
    </ClInclude>
    <ClInclude Include="..\..\..\..\include\bitcoin\explorer\commands\sha256.hpp">
      <Filter>include\bitcoin\explorer\commands</Filter>
    </ClInclude>
    <ClInclude Include="..\..\..\..\include\bitcoin\explorer\commands\sha512.hpp">
      <Filter>include\bitcoin\explorer\commands</Filter>
    </ClInclude>
    <ClInclude Include="..\..\..\..\include\bitcoin\explorer\commands\showblkhead.hpp">
      <Filter>include\bitcoin\explorer\commands\obsolete</Filter>
    </ClInclude>
    <ClInclude Include="..\..\..\..\include\bitcoin\explorer\commands\stealth-decode.hpp">
      <Filter>include\bitcoin\explorer\commands</Filter>
    </ClInclude>
    <ClInclude Include="..\..\..\..\include\bitcoin\explorer\commands\stealth-encode.hpp">
      <Filter>include\bitcoin\explorer\commands</Filter>
    </ClInclude>
    <ClInclude Include="..\..\..\..\include\bitcoin\explorer\commands\stealth-initiate.hpp">
      <Filter>include\bitcoin\explorer\commands\obsolete</Filter>
    </ClInclude>
    <ClInclude Include="..\..\..\..\include\bitcoin\explorer\commands\stealth-newkey.hpp">
      <Filter>include\bitcoin\explorer\commands\obsolete</Filter>
    </ClInclude>
    <ClInclude Include="..\..\..\..\include\bitcoin\explorer\commands\stealth-public.hpp">
      <Filter>include\bitcoin\explorer\commands</Filter>
    </ClInclude>
    <ClInclude Include="..\..\..\..\include\bitcoin\explorer\commands\stealth-secret.hpp">
      <Filter>include\bitcoin\explorer\commands</Filter>
    </ClInclude>
    <ClInclude Include="..\..\..\..\include\bitcoin\explorer\commands\stealth-shared.hpp">
      <Filter>include\bitcoin\explorer\commands</Filter>
    </ClInclude>
    <ClInclude Include="..\..\..\..\include\bitcoin\explorer\commands\tx-decode.hpp">
      <Filter>include\bitcoin\explorer\commands</Filter>
    </ClInclude>
    <ClInclude Include="..\..\..\..\include\bitcoin\explorer\commands\tx-encode.hpp">
      <Filter>include\bitcoin\explorer\commands</Filter>
    </ClInclude>
    <ClInclude Include="..\..\..\..\include\bitcoin\explorer\commands\tx-sign.hpp">
      <Filter>include\bitcoin\explorer\commands\stub</Filter>
    </ClInclude>
    <ClInclude Include="..\..\..\..\include\bitcoin\explorer\commands\uri-decode.hpp">
      <Filter>include\bitcoin\explorer\commands</Filter>
    </ClInclude>
    <ClInclude Include="..\..\..\..\include\bitcoin\explorer\commands\uri-encode.hpp">
      <Filter>include\bitcoin\explorer\commands</Filter>
    </ClInclude>
    <ClInclude Include="..\..\..\..\include\bitcoin\explorer\commands\validate-tx.hpp">
      <Filter>include\bitcoin\explorer\commands\network</Filter>
    </ClInclude>
    <ClInclude Include="..\..\..\..\include\bitcoin\explorer\commands\wallet.hpp">
      <Filter>include\bitcoin\explorer\commands\obsolete</Filter>
    </ClInclude>
    <ClInclude Include="..\..\..\..\include\bitcoin\explorer\commands\watch-address.hpp">
      <Filter>include\bitcoin\explorer\commands\network</Filter>
    </ClInclude>
    <ClInclude Include="..\..\..\..\include\bitcoin\explorer\commands\watch-tx.hpp">
      <Filter>include\bitcoin\explorer\commands\stub</Filter>
    </ClInclude>
    <ClInclude Include="..\..\..\..\include\bitcoin\explorer\commands\wif-to-ec.hpp">
      <Filter>include\bitcoin\explorer\commands</Filter>
    </ClInclude>
    <ClInclude Include="..\..\..\..\include\bitcoin\explorer\commands\wif-to-public.hpp">
      <Filter>include\bitcoin\explorer\commands</Filter>
    </ClInclude>
    <ClInclude Include="..\..\..\..\include\bitcoin\explorer\commands\wrap-decode.hpp">
      <Filter>include\bitcoin\explorer\commands</Filter>
    </ClInclude>
    <ClInclude Include="..\..\..\..\include\bitcoin\explorer\commands\wrap-encode.hpp">
      <Filter>include\bitcoin\explorer\commands</Filter>
    </ClInclude>
    <ClInclude Include="..\..\..\..\include\bitcoin\explorer\impl\utility.ipp">
      <Filter>include\bitcoin\explorer\impl</Filter>
    </ClInclude>
    <ClInclude Include="..\..\..\..\include\bitcoin\explorer\impl\prop_tree.ipp">
      <Filter>include\bitcoin\explorer\impl</Filter>
    </ClInclude>
    <ClInclude Include="..\..\..\..\include\bitcoin\explorer\primitives\address.hpp">
      <Filter>include\bitcoin\explorer\primitives</Filter>
    </ClInclude>
    <ClInclude Include="..\..\..\..\include\bitcoin\explorer\primitives\base16.hpp">
      <Filter>include\bitcoin\explorer\primitives</Filter>
    </ClInclude>
    <ClInclude Include="..\..\..\..\include\bitcoin\explorer\primitives\base2.hpp">
      <Filter>include\bitcoin\explorer\primitives</Filter>
    </ClInclude>
    <ClInclude Include="..\..\..\..\include\bitcoin\explorer\primitives\base58.hpp">
      <Filter>include\bitcoin\explorer\primitives</Filter>
    </ClInclude>
    <ClInclude Include="..\..\..\..\include\bitcoin\explorer\primitives\base64.hpp">
      <Filter>include\bitcoin\explorer\primitives</Filter>
    </ClInclude>
    <ClInclude Include="..\..\..\..\include\bitcoin\explorer\primitives\base85.hpp">
      <Filter>include\bitcoin\explorer\primitives</Filter>
    </ClInclude>
    <ClInclude Include="..\..\..\..\include\bitcoin\explorer\primitives\btc.hpp">
      <Filter>include\bitcoin\explorer\primitives</Filter>
    </ClInclude>
    <ClInclude Include="..\..\..\..\include\bitcoin\explorer\primitives\btc160.hpp">
      <Filter>include\bitcoin\explorer\primitives</Filter>
    </ClInclude>
    <ClInclude Include="..\..\..\..\include\bitcoin\explorer\primitives\btc256.hpp">
      <Filter>include\bitcoin\explorer\primitives</Filter>
    </ClInclude>
    <ClInclude Include="..\..\..\..\include\bitcoin\explorer\primitives\byte.hpp">
      <Filter>include\bitcoin\explorer\primitives</Filter>
    </ClInclude>
    <ClInclude Include="..\..\..\..\include\bitcoin\explorer\primitives\ec_private.hpp">
      <Filter>include\bitcoin\explorer\primitives</Filter>
    </ClInclude>
    <ClInclude Include="..\..\..\..\include\bitcoin\explorer\primitives\ec_public.hpp">
      <Filter>include\bitcoin\explorer\primitives</Filter>
    </ClInclude>
    <ClInclude Include="..\..\..\..\include\bitcoin\explorer\primitives\encoding.hpp">
      <Filter>include\bitcoin\explorer\primitives</Filter>
    </ClInclude>
    <ClInclude Include="..\..\..\..\include\bitcoin\explorer\primitives\endorsement.hpp">
      <Filter>include\bitcoin\explorer\primitives</Filter>
    </ClInclude>
    <ClInclude Include="..\..\..\..\include\bitcoin\explorer\primitives\hd_key.hpp">
      <Filter>include\bitcoin\explorer\primitives</Filter>
    </ClInclude>
    <ClInclude Include="..\..\..\..\include\bitcoin\explorer\primitives\hashtype.hpp">
      <Filter>include\bitcoin\explorer\primitives</Filter>
    </ClInclude>
    <ClInclude Include="..\..\..\..\include\bitcoin\explorer\primitives\hd_priv.hpp">
      <Filter>include\bitcoin\explorer\primitives</Filter>
    </ClInclude>
    <ClInclude Include="..\..\..\..\include\bitcoin\explorer\primitives\hd_pub.hpp">
      <Filter>include\bitcoin\explorer\primitives</Filter>
    </ClInclude>
    <ClInclude Include="..\..\..\..\include\bitcoin\explorer\primitives\header.hpp">
      <Filter>include\bitcoin\explorer\primitives</Filter>
    </ClInclude>
    <ClInclude Include="..\..\..\..\include\bitcoin\explorer\primitives\input.hpp">
      <Filter>include\bitcoin\explorer\primitives</Filter>
    </ClInclude>
    <ClInclude Include="..\..\..\..\include\bitcoin\explorer\primitives\output.hpp">
      <Filter>include\bitcoin\explorer\primitives</Filter>
    </ClInclude>
    <ClInclude Include="..\..\..\..\include\bitcoin\explorer\primitives\point.hpp">
      <Filter>include\bitcoin\explorer\primitives</Filter>
    </ClInclude>
    <ClInclude Include="..\..\..\..\include\bitcoin\explorer\primitives\raw.hpp">
      <Filter>include\bitcoin\explorer\primitives</Filter>
    </ClInclude>
    <ClInclude Include="..\..\..\..\include\bitcoin\explorer\primitives\script.hpp">
      <Filter>include\bitcoin\explorer\primitives</Filter>
    </ClInclude>
    <ClInclude Include="..\..\..\..\include\bitcoin\explorer\primitives\signature.hpp">
      <Filter>include\bitcoin\explorer\primitives</Filter>
    </ClInclude>
    <ClInclude Include="..\..\..\..\include\bitcoin\explorer\primitives\stealth.hpp">
      <Filter>include\bitcoin\explorer\primitives</Filter>
    </ClInclude>
    <ClInclude Include="..\..\..\..\include\bitcoin\explorer\primitives\transaction.hpp">
      <Filter>include\bitcoin\explorer\primitives</Filter>
    </ClInclude>
    <ClInclude Include="..\..\..\..\include\bitcoin\explorer\primitives\uri.hpp">
      <Filter>include\bitcoin\explorer\primitives</Filter>
    </ClInclude>
    <ClInclude Include="..\..\..\..\include\bitcoin\explorer\primitives\wif.hpp">
      <Filter>include\bitcoin\explorer\primitives</Filter>
    </ClInclude>
    <ClInclude Include="..\..\..\..\include\bitcoin\explorer\primitives\wrapper.hpp">
      <Filter>include\bitcoin\explorer\primitives</Filter>
    </ClInclude>
    <ClInclude Include="..\..\..\..\include\bitcoin\explorer\async_client.hpp">
      <Filter>include\bitcoin\explorer</Filter>
    </ClInclude>
    <ClInclude Include="..\..\..\..\include\bitcoin\explorer\callback_state.hpp">
      <Filter>include\bitcoin\explorer</Filter>
    </ClInclude>
    <ClInclude Include="..\..\..\..\include\bitcoin\explorer\command.hpp">
      <Filter>include\bitcoin\explorer</Filter>
    </ClInclude>
    <ClInclude Include="..\..\..\..\include\bitcoin\explorer\config.hpp">
      <Filter>include\bitcoin\explorer</Filter>
    </ClInclude>
    <ClInclude Include="..\..\..\..\include\bitcoin\explorer\define.hpp">
      <Filter>include\bitcoin\explorer</Filter>
    </ClInclude>
    <ClInclude Include="..\..\..\..\include\bitcoin\explorer\dispatch.hpp">
      <Filter>include\bitcoin\explorer</Filter>
    </ClInclude>
    <ClInclude Include="..\..\..\..\include\bitcoin\explorer\display.hpp">
      <Filter>include\bitcoin\explorer</Filter>
    </ClInclude>
    <ClInclude Include="..\..\..\..\include\bitcoin\explorer\generated.hpp">
      <Filter>include\bitcoin\explorer</Filter>
    </ClInclude>
    <ClInclude Include="..\..\..\..\include\bitcoin\explorer\obelisk_client.hpp">
      <Filter>include\bitcoin\explorer</Filter>
    </ClInclude>
    <ClInclude Include="..\..\..\..\include\bitcoin\explorer\prop_tree.hpp">
      <Filter>include\bitcoin\explorer</Filter>
    </ClInclude>
    <ClInclude Include="..\..\..\..\include\bitcoin\explorer\utility.hpp">
      <Filter>include\bitcoin\explorer</Filter>
    </ClInclude>
    <ClInclude Include="..\..\..\..\include\bitcoin\explorer\version.hpp">
      <Filter>include\bitcoin\explorer</Filter>
    </ClInclude>
    <ClInclude Include="..\..\..\..\include\bitcoin\explorer.hpp">
      <Filter>include\bitcoin</Filter>
    </ClInclude>
  </ItemGroup>
  <ItemGroup>
    <ClCompile Include="..\..\..\..\src\commands\address-decode.cpp">
      <Filter>src\commands</Filter>
    </ClCompile>
    <ClCompile Include="..\..\..\..\src\commands\address-embed.cpp">
      <Filter>src\commands</Filter>
    </ClCompile>
    <ClCompile Include="..\..\..\..\src\commands\address-encode.cpp">
      <Filter>src\commands</Filter>
    </ClCompile>
    <ClCompile Include="..\..\..\..\src\commands\address-validate.cpp">
      <Filter>src\commands</Filter>
    </ClCompile>
    <ClCompile Include="..\..\..\..\src\commands\base16-decode.cpp">
      <Filter>src\commands</Filter>
    </ClCompile>
    <ClCompile Include="..\..\..\..\src\commands\base16-encode.cpp">
      <Filter>src\commands</Filter>
    </ClCompile>
    <ClCompile Include="..\..\..\..\src\commands\base58-decode.cpp">
      <Filter>src\commands</Filter>
    </ClCompile>
    <ClCompile Include="..\..\..\..\src\commands\base58-encode.cpp">
      <Filter>src\commands</Filter>
    </ClCompile>
    <ClCompile Include="..\..\..\..\src\commands\base58check-decode.cpp">
      <Filter>src\commands</Filter>
    </ClCompile>
    <ClCompile Include="..\..\..\..\src\commands\base58check-encode.cpp">
      <Filter>src\commands</Filter>
    </ClCompile>
    <ClCompile Include="..\..\..\..\src\commands\base64-decode.cpp">
      <Filter>src\commands</Filter>
    </ClCompile>
    <ClCompile Include="..\..\..\..\src\commands\base64-encode.cpp">
      <Filter>src\commands</Filter>
    </ClCompile>
    <ClCompile Include="..\..\..\..\src\commands\bci-fetch-last-height.cpp">
      <Filter>src\commands\obsolete</Filter>
    </ClCompile>
    <ClCompile Include="..\..\..\..\src\commands\bci-history.cpp">
      <Filter>src\commands\obsolete</Filter>
    </ClCompile>
    <ClCompile Include="..\..\..\..\src\commands\bitcoin160.cpp">
      <Filter>src\commands</Filter>
    </ClCompile>
    <ClCompile Include="..\..\..\..\src\commands\bitcoin256.cpp">
      <Filter>src\commands</Filter>
    </ClCompile>
    <ClCompile Include="..\..\..\..\src\commands\blke-fetch-transaction.cpp">
      <Filter>src\commands\obsolete</Filter>
    </ClCompile>
    <ClCompile Include="..\..\..\..\src\commands\btc-to-satoshi.cpp">
      <Filter>src\commands</Filter>
    </ClCompile>
    <ClCompile Include="..\..\..\..\src\commands\ec-add.cpp">
      <Filter>src\commands</Filter>
    </ClCompile>
    <ClCompile Include="..\..\..\..\src\commands\ec-add-secrets.cpp">
      <Filter>src\commands</Filter>
    </ClCompile>
    <ClCompile Include="..\..\..\..\src\commands\ec-lock.cpp">
      <Filter>src\commands\stub</Filter>
    </ClCompile>
    <ClCompile Include="..\..\..\..\src\commands\ec-multiply.cpp">
      <Filter>src\commands</Filter>
    </ClCompile>
    <ClCompile Include="..\..\..\..\src\commands\ec-multiply-secrets.cpp">
      <Filter>src\commands</Filter>
    </ClCompile>
    <ClCompile Include="..\..\..\..\src\commands\ec-new.cpp">
      <Filter>src\commands</Filter>
    </ClCompile>
    <ClCompile Include="..\..\..\..\src\commands\ec-to-address.cpp">
      <Filter>src\commands</Filter>
    </ClCompile>
    <ClCompile Include="..\..\..\..\src\commands\ec-to-public.cpp">
      <Filter>src\commands</Filter>
    </ClCompile>
    <ClCompile Include="..\..\..\..\src\commands\ec-to-wif.cpp">
      <Filter>src\commands</Filter>
    </ClCompile>
    <ClCompile Include="..\..\..\..\src\commands\ec-unlock.cpp">
      <Filter>src\commands\stub</Filter>
    </ClCompile>
    <ClCompile Include="..\..\..\..\src\commands\fetch-balance.cpp">
      <Filter>src\commands\network</Filter>
    </ClCompile>
    <ClCompile Include="..\..\..\..\src\commands\fetch-header.cpp">
      <Filter>src\commands\network</Filter>
    </ClCompile>
    <ClCompile Include="..\..\..\..\src\commands\fetch-height.cpp">
      <Filter>src\commands\network</Filter>
    </ClCompile>
    <ClCompile Include="..\..\..\..\src\commands\fetch-history.cpp">
      <Filter>src\commands\network</Filter>
    </ClCompile>
    <ClCompile Include="..\..\..\..\src\commands\fetch-public-key.cpp">
      <Filter>src\commands\stub</Filter>
    </ClCompile>
    <ClCompile Include="..\..\..\..\src\commands\fetch-stealth.cpp">
      <Filter>src\commands\network</Filter>
    </ClCompile>
    <ClCompile Include="..\..\..\..\src\commands\fetch-tx.cpp">
      <Filter>src\commands\network</Filter>
    </ClCompile>
    <ClCompile Include="..\..\..\..\src\commands\fetch-tx-index.cpp">
      <Filter>src\commands\network</Filter>
    </ClCompile>
    <ClCompile Include="..\..\..\..\src\commands\fetch-utxo.cpp">
      <Filter>src\commands\stub</Filter>
    </ClCompile>
    <ClCompile Include="..\..\..\..\src\commands\genaddr.cpp">
      <Filter>src\commands\obsolete</Filter>
    </ClCompile>
    <ClCompile Include="..\..\..\..\src\commands\genpriv.cpp">
      <Filter>src\commands\obsolete</Filter>
    </ClCompile>
    <ClCompile Include="..\..\..\..\src\commands\genpub.cpp">
      <Filter>src\commands\obsolete</Filter>
    </ClCompile>
    <ClCompile Include="..\..\..\..\src\commands\hd-new.cpp">
      <Filter>src\commands</Filter>
    </ClCompile>
    <ClCompile Include="..\..\..\..\src\commands\hd-private.cpp">
      <Filter>src\commands</Filter>
    </ClCompile>
    <ClCompile Include="..\..\..\..\src\commands\hd-public.cpp">
      <Filter>src\commands</Filter>
    </ClCompile>
    <ClCompile Include="..\..\..\..\src\commands\hd-to-address.cpp">
      <Filter>src\commands</Filter>
    </ClCompile>
    <ClCompile Include="..\..\..\..\src\commands\hd-to-ec.cpp">
      <Filter>src\commands</Filter>
    </ClCompile>
    <ClCompile Include="..\..\..\..\src\commands\hd-to-public.cpp">
      <Filter>src\commands</Filter>
    </ClCompile>
    <ClCompile Include="..\..\..\..\src\commands\hd-to-wif.cpp">
      <Filter>src\commands</Filter>
    </ClCompile>
    <ClCompile Include="..\..\..\..\src\commands\help.cpp">
      <Filter>src\commands</Filter>
    </ClCompile>
    <ClCompile Include="..\..\..\..\src\commands\initchain.cpp">
      <Filter>src\commands\obsolete</Filter>
    </ClCompile>
    <ClCompile Include="..\..\..\..\src\commands\input-set.cpp">
      <Filter>src\commands</Filter>
    </ClCompile>
    <ClCompile Include="..\..\..\..\src\commands\input-sign.cpp">
      <Filter>src\commands</Filter>
    </ClCompile>
    <ClCompile Include="..\..\..\..\src\commands\input-validate.cpp">
      <Filter>src\commands</Filter>
    </ClCompile>
    <ClCompile Include="..\..\..\..\src\commands\message-sign.cpp">
      <Filter>src\commands</Filter>
    </ClCompile>
    <ClCompile Include="..\..\..\..\src\commands\message-validate.cpp">
      <Filter>src\commands</Filter>
    </ClCompile>
    <ClCompile Include="..\..\..\..\src\commands\mnemonic-decode.cpp">
      <Filter>src\commands</Filter>
    </ClCompile>
    <ClCompile Include="..\..\..\..\src\commands\mnemonic-encode.cpp">
      <Filter>src\commands</Filter>
    </ClCompile>
    <ClCompile Include="..\..\..\..\src\commands\mpk.cpp">
      <Filter>src\commands\obsolete</Filter>
    </ClCompile>
    <ClCompile Include="..\..\..\..\src\commands\newseed.cpp">
      <Filter>src\commands\obsolete</Filter>
    </ClCompile>
    <ClCompile Include="..\..\..\..\src\commands\qrcode.cpp">
      <Filter>src\commands\stub</Filter>
    </ClCompile>
    <ClCompile Include="..\..\..\..\src\commands\ripemd160.cpp">
      <Filter>src\commands</Filter>
    </ClCompile>
    <ClCompile Include="..\..\..\..\src\commands\satoshi-to-btc.cpp">
      <Filter>src\commands</Filter>
    </ClCompile>
    <ClCompile Include="..\..\..\..\src\commands\script-decode.cpp">
      <Filter>src\commands</Filter>
    </ClCompile>
    <ClCompile Include="..\..\..\..\src\commands\script-encode.cpp">
      <Filter>src\commands</Filter>
    </ClCompile>
    <ClCompile Include="..\..\..\..\src\commands\script-to-address.cpp">
      <Filter>src\commands</Filter>
    </ClCompile>
    <ClCompile Include="..\..\..\..\src\commands\seed.cpp">
      <Filter>src\commands</Filter>
    </ClCompile>
    <ClCompile Include="..\..\..\..\src\commands\send-tx.cpp">
      <Filter>src\commands\network</Filter>
    </ClCompile>
    <ClCompile Include="..\..\..\..\src\commands\send-tx-node.cpp">
      <Filter>src\commands\network</Filter>
    </ClCompile>
    <ClCompile Include="..\..\..\..\src\commands\send-tx-p2p.cpp">
      <Filter>src\commands\network</Filter>
    </ClCompile>
    <ClCompile Include="..\..\..\..\src\commands\sendtx-bci.cpp">
      <Filter>src\commands\obsolete</Filter>
    </ClCompile>
    <ClCompile Include="..\..\..\..\src\commands\settings.cpp">
      <Filter>src\commands</Filter>
    </ClCompile>
    <ClCompile Include="..\..\..\..\src\commands\sha160.cpp">
      <Filter>src\commands</Filter>
    </ClCompile>
    <ClCompile Include="..\..\..\..\src\commands\sha256.cpp">
      <Filter>src\commands</Filter>
    </ClCompile>
    <ClCompile Include="..\..\..\..\src\commands\sha512.cpp">
      <Filter>src\commands</Filter>
    </ClCompile>
    <ClCompile Include="..\..\..\..\src\commands\showblkhead.cpp">
      <Filter>src\commands\obsolete</Filter>
    </ClCompile>
    <ClCompile Include="..\..\..\..\src\commands\stealth-decode.cpp">
      <Filter>src\commands</Filter>
    </ClCompile>
    <ClCompile Include="..\..\..\..\src\commands\stealth-encode.cpp">
      <Filter>src\commands</Filter>
    </ClCompile>
    <ClCompile Include="..\..\..\..\src\commands\stealth-initiate.cpp">
      <Filter>src\commands\obsolete</Filter>
    </ClCompile>
    <ClCompile Include="..\..\..\..\src\commands\stealth-newkey.cpp">
      <Filter>src\commands\obsolete</Filter>
    </ClCompile>
    <ClCompile Include="..\..\..\..\src\commands\stealth-public.cpp">
      <Filter>src\commands</Filter>
    </ClCompile>
    <ClCompile Include="..\..\..\..\src\commands\stealth-secret.cpp">
      <Filter>src\commands</Filter>
    </ClCompile>
    <ClCompile Include="..\..\..\..\src\commands\stealth-shared.cpp">
      <Filter>src\commands</Filter>
    </ClCompile>
    <ClCompile Include="..\..\..\..\src\commands\tx-decode.cpp">
      <Filter>src\commands</Filter>
    </ClCompile>
    <ClCompile Include="..\..\..\..\src\commands\tx-encode.cpp">
      <Filter>src\commands</Filter>
    </ClCompile>
    <ClCompile Include="..\..\..\..\src\commands\tx-sign.cpp">
      <Filter>src\commands\stub</Filter>
    </ClCompile>
    <ClCompile Include="..\..\..\..\src\commands\uri-decode.cpp">
      <Filter>src\commands</Filter>
    </ClCompile>
    <ClCompile Include="..\..\..\..\src\commands\uri-encode.cpp">
      <Filter>src\commands</Filter>
    </ClCompile>
    <ClCompile Include="..\..\..\..\src\commands\validate-tx.cpp">
      <Filter>src\commands\network</Filter>
    </ClCompile>
    <ClCompile Include="..\..\..\..\src\commands\wallet.cpp">
      <Filter>src\commands\obsolete</Filter>
    </ClCompile>
    <ClCompile Include="..\..\..\..\src\commands\watch-address.cpp">
      <Filter>src\commands\network</Filter>
    </ClCompile>
    <ClCompile Include="..\..\..\..\src\commands\watch-tx.cpp">
      <Filter>src\commands\stub</Filter>
    </ClCompile>
    <ClCompile Include="..\..\..\..\src\commands\wif-to-ec.cpp">
      <Filter>src\commands</Filter>
    </ClCompile>
    <ClCompile Include="..\..\..\..\src\commands\wif-to-public.cpp">
      <Filter>src\commands</Filter>
    </ClCompile>
    <ClCompile Include="..\..\..\..\src\commands\wrap-decode.cpp">
      <Filter>src\commands</Filter>
    </ClCompile>
    <ClCompile Include="..\..\..\..\src\commands\wrap-encode.cpp">
      <Filter>src\commands</Filter>
    </ClCompile>
    <ClCompile Include="..\..\..\..\src\primitives\address.cpp">
      <Filter>src\primitives</Filter>
    </ClCompile>
    <ClCompile Include="..\..\..\..\src\primitives\base16.cpp">
      <Filter>src\primitives</Filter>
    </ClCompile>
    <ClCompile Include="..\..\..\..\src\primitives\base2.cpp">
      <Filter>src\primitives</Filter>
    </ClCompile>
    <ClCompile Include="..\..\..\..\src\primitives\base58.cpp">
      <Filter>src\primitives</Filter>
    </ClCompile>
    <ClCompile Include="..\..\..\..\src\primitives\base64.cpp">
      <Filter>src\primitives</Filter>
    </ClCompile>
    <ClCompile Include="..\..\..\..\src\primitives\base85.cpp">
      <Filter>src\primitives</Filter>
    </ClCompile>
    <ClCompile Include="..\..\..\..\src\primitives\btc.cpp">
      <Filter>src\primitives</Filter>
    </ClCompile>
    <ClCompile Include="..\..\..\..\src\primitives\btc160.cpp">
      <Filter>src\primitives</Filter>
    </ClCompile>
    <ClCompile Include="..\..\..\..\src\primitives\btc256.cpp">
      <Filter>src\primitives</Filter>
    </ClCompile>
    <ClCompile Include="..\..\..\..\src\primitives\byte.cpp">
      <Filter>src\primitives</Filter>
    </ClCompile>
    <ClCompile Include="..\..\..\..\src\primitives\ec_private.cpp">
      <Filter>src\primitives</Filter>
    </ClCompile>
    <ClCompile Include="..\..\..\..\src\primitives\ec_public.cpp">
      <Filter>src\primitives</Filter>
    </ClCompile>
    <ClCompile Include="..\..\..\..\src\primitives\hashtype.cpp">
      <Filter>src\primitives</Filter>
    </ClCompile>
    <ClCompile Include="..\..\..\..\src\primitives\encoding.cpp">
      <Filter>src\primitives</Filter>
    </ClCompile>
    <ClCompile Include="..\..\..\..\src\primitives\endorsement.cpp">
      <Filter>src\primitives</Filter>
    </ClCompile>
    <ClCompile Include="..\..\..\..\src\primitives\hd_key.cpp">
      <Filter>src\primitives</Filter>
    </ClCompile>
    <ClCompile Include="..\..\..\..\src\primitives\hd_priv.cpp">
      <Filter>src\primitives</Filter>
    </ClCompile>
    <ClCompile Include="..\..\..\..\src\primitives\hd_pub.cpp">
      <Filter>src\primitives</Filter>
    </ClCompile>
    <ClCompile Include="..\..\..\..\src\primitives\header.cpp">
      <Filter>src\primitives</Filter>
    </ClCompile>
    <ClCompile Include="..\..\..\..\src\primitives\input.cpp">
      <Filter>src\primitives</Filter>
    </ClCompile>
    <ClCompile Include="..\..\..\..\src\primitives\output.cpp">
      <Filter>src\primitives</Filter>
    </ClCompile>
    <ClCompile Include="..\..\..\..\src\primitives\point.cpp">
      <Filter>src\primitives</Filter>
    </ClCompile>
    <ClCompile Include="..\..\..\..\src\primitives\raw.cpp">
      <Filter>src\primitives</Filter>
    </ClCompile>
    <ClCompile Include="..\..\..\..\src\primitives\script.cpp">
      <Filter>src\primitives</Filter>
    </ClCompile>
    <ClCompile Include="..\..\..\..\src\primitives\signature.cpp">
      <Filter>src\primitives</Filter>
    </ClCompile>
    <ClCompile Include="..\..\..\..\src\primitives\stealth.cpp">
      <Filter>src\primitives</Filter>
    </ClCompile>
    <ClCompile Include="..\..\..\..\src\primitives\transaction.cpp">
      <Filter>src\primitives</Filter>
    </ClCompile>
    <ClCompile Include="..\..\..\..\src\primitives\uri.cpp">
      <Filter>src\primitives</Filter>
    </ClCompile>
    <ClCompile Include="..\..\..\..\src\primitives\wif.cpp">
      <Filter>src\primitives</Filter>
    </ClCompile>
    <ClCompile Include="..\..\..\..\src\primitives\wrapper.cpp">
      <Filter>src\primitives</Filter>
    </ClCompile>
    <ClCompile Include="..\..\..\..\src\async_client.cpp">
      <Filter>src</Filter>
    </ClCompile>
    <ClCompile Include="..\..\..\..\src\callback_state.cpp">
      <Filter>src</Filter>
    </ClCompile>
    <ClCompile Include="..\..\..\..\src\config.cpp">
      <Filter>src</Filter>
    </ClCompile>
    <ClCompile Include="..\..\..\..\src\dispatch.cpp">
      <Filter>src</Filter>
    </ClCompile>
    <ClCompile Include="..\..\..\..\src\display.cpp">
      <Filter>src</Filter>
    </ClCompile>
    <ClCompile Include="..\..\..\..\src\generated.cpp">
      <Filter>src</Filter>
    </ClCompile>
    <ClCompile Include="..\..\..\..\src\obelisk_client.cpp">
      <Filter>src</Filter>
    </ClCompile>
    <ClCompile Include="..\..\..\..\src\prop_tree.cpp">
      <Filter>src</Filter>
    </ClCompile>
    <ClCompile Include="..\..\..\..\src\utility.cpp">
      <Filter>src</Filter>
    </ClCompile>
  </ItemGroup>
</Project>
