<?xml version="1.0" encoding="utf-8"?>
<!--
#################################################################
#   GENERATED SOURCE CODE, DO NOT EDIT EXCEPT EXPERIMENTALLY    #
#################################################################
-->
<Project ToolsVersion="4.0" xmlns="http://schemas.microsoft.com/developer/msbuild/2003">
  <ItemGroup>
    <None Include="packages.config" />
  </ItemGroup>
  <ItemGroup>
    <Filter Include="include\commands">
      <UniqueIdentifier>{8f3f62c0-53c7-4044-a1da-c3fcc9d27651}</UniqueIdentifier>
    </Filter>
    <Filter Include="include\commands\network">
      <UniqueIdentifier>{E9B42E1D-5F9D-41FA-AB9B-75D15069071C}</UniqueIdentifier>
    </Filter>
    <Filter Include="include\commands\obsolete">
      <UniqueIdentifier>{268700C7-1C9D-44FF-B1CE-3104893288A4}</UniqueIdentifier>
    </Filter>
    <Filter Include="include\commands\stub">
      <UniqueIdentifier>{1A3D8C7D-8801-42D9-8420-A7E95CD259AE}</UniqueIdentifier>
    </Filter>
    <Filter Include="include\impl">
      <UniqueIdentifier>{d34fd634-a274-4629-8a8f-c588117d9733}</UniqueIdentifier>
    </Filter>
    <Filter Include="include\primitives">
      <UniqueIdentifier>{3857250F-34CC-43E4-9781-68B9E01BBD9D}</UniqueIdentifier>
    </Filter>
    <Filter Include="include\utility">
      <UniqueIdentifier>{dc28e2c9-d07d-4242-8007-e44440c133a0}</UniqueIdentifier>
    </Filter>
    <Filter Include="include">
      <UniqueIdentifier>{f75d4585-8ee2-45e8-96ec-880c63fc243e}</UniqueIdentifier>
    </Filter>
    <Filter Include="src\commands\network">
      <UniqueIdentifier>{4085fba5-b358-4b3f-968f-ee8be943775f}</UniqueIdentifier>
    </Filter>
    <Filter Include="src\commands\obsolete">
      <UniqueIdentifier>{DF81EBEE-BB03-406B-B4C5-1D9FD2964E97}</UniqueIdentifier>
    </Filter>
    <Filter Include="src\commands\stub">
      <UniqueIdentifier>{e96f4bef-2d18-4897-9078-a8c17783ee65}</UniqueIdentifier>
    </Filter>
    <Filter Include="src\commands">
      <UniqueIdentifier>{4085fba5-b358-4b3f-968f-ee8be943775f}</UniqueIdentifier>
    </Filter>
    <Filter Include="src\primitives">
      <UniqueIdentifier>{6CE1C682-2E57-4EA8-B819-5C733184121A}</UniqueIdentifier>
    </Filter>
    <Filter Include="src\utility">
      <UniqueIdentifier>{c50b43cf-9009-45a6-b813-7a61877602f4}</UniqueIdentifier>
    </Filter>
    <Filter Include="src">
      <UniqueIdentifier>{6afc4dd0-6330-4dca-b176-cd4887f27b9f}</UniqueIdentifier>
    </Filter>
  </ItemGroup>
  <ItemGroup>
    <ClInclude Include="..\..\..\..\include\explorer\commands\address-decode.hpp">
      <Filter>include\commands</Filter>
    </ClInclude>
    <ClInclude Include="..\..\..\..\include\explorer\commands\address-embed.hpp">
      <Filter>include\commands\stub</Filter>
    </ClInclude>
    <ClInclude Include="..\..\..\..\include\explorer\commands\address-encode.hpp">
      <Filter>include\commands</Filter>
    </ClInclude>
    <ClInclude Include="..\..\..\..\include\explorer\commands\address-validate.hpp">
      <Filter>include\commands</Filter>
    </ClInclude>
    <ClInclude Include="..\..\..\..\include\explorer\commands\base58-decode.hpp">
      <Filter>include\commands</Filter>
    </ClInclude>
    <ClInclude Include="..\..\..\..\include\explorer\commands\base58-encode.hpp">
      <Filter>include\commands</Filter>
    </ClInclude>
    <ClInclude Include="..\..\..\..\include\explorer\commands\base58check-decode.hpp">
      <Filter>include\commands</Filter>
    </ClInclude>
    <ClInclude Include="..\..\..\..\include\explorer\commands\base58check-encode.hpp">
      <Filter>include\commands</Filter>
    </ClInclude>
    <ClInclude Include="..\..\..\..\include\explorer\commands\bci-fetch-last-height.hpp">
      <Filter>include\commands\obsolete</Filter>
    </ClInclude>
    <ClInclude Include="..\..\..\..\include\explorer\commands\bci-history.hpp">
      <Filter>include\commands\obsolete</Filter>
    </ClInclude>
    <ClInclude Include="..\..\..\..\include\explorer\commands\bitcoin160.hpp">
      <Filter>include\commands</Filter>
    </ClInclude>
    <ClInclude Include="..\..\..\..\include\explorer\commands\bitcoin256.hpp">
      <Filter>include\commands</Filter>
    </ClInclude>
    <ClInclude Include="..\..\..\..\include\explorer\commands\blke-fetch-transaction.hpp">
      <Filter>include\commands\obsolete</Filter>
    </ClInclude>
    <ClInclude Include="..\..\..\..\include\explorer\commands\btc-to-satoshi.hpp">
      <Filter>include\commands</Filter>
    </ClInclude>
    <ClInclude Include="..\..\..\..\include\explorer\commands\ec-add.hpp">
      <Filter>include\commands</Filter>
    </ClInclude>
    <ClInclude Include="..\..\..\..\include\explorer\commands\ec-add-secrets.hpp">
      <Filter>include\commands</Filter>
    </ClInclude>
    <ClInclude Include="..\..\..\..\include\explorer\commands\ec-lock.hpp">
      <Filter>include\commands\stub</Filter>
    </ClInclude>
    <ClInclude Include="..\..\..\..\include\explorer\commands\ec-multiply.hpp">
      <Filter>include\commands</Filter>
    </ClInclude>
    <ClInclude Include="..\..\..\..\include\explorer\commands\ec-multiply-secrets.hpp">
      <Filter>include\commands</Filter>
    </ClInclude>
    <ClInclude Include="..\..\..\..\include\explorer\commands\ec-new.hpp">
      <Filter>include\commands</Filter>
    </ClInclude>
    <ClInclude Include="..\..\..\..\include\explorer\commands\ec-to-address.hpp">
      <Filter>include\commands</Filter>
    </ClInclude>
    <ClInclude Include="..\..\..\..\include\explorer\commands\ec-to-public.hpp">
      <Filter>include\commands</Filter>
    </ClInclude>
    <ClInclude Include="..\..\..\..\include\explorer\commands\ec-to-wif.hpp">
      <Filter>include\commands</Filter>
    </ClInclude>
    <ClInclude Include="..\..\..\..\include\explorer\commands\ec-unlock.hpp">
      <Filter>include\commands\stub</Filter>
    </ClInclude>
    <ClInclude Include="..\..\..\..\include\explorer\commands\fetch-balance.hpp">
      <Filter>include\commands\network</Filter>
    </ClInclude>
    <ClInclude Include="..\..\..\..\include\explorer\commands\fetch-confirmations.hpp">
      <Filter>include\commands\network</Filter>
    </ClInclude>
    <ClInclude Include="..\..\..\..\include\explorer\commands\fetch-header.hpp">
      <Filter>include\commands\network</Filter>
    </ClInclude>
    <ClInclude Include="..\..\..\..\include\explorer\commands\fetch-height.hpp">
      <Filter>include\commands\network</Filter>
    </ClInclude>
    <ClInclude Include="..\..\..\..\include\explorer\commands\fetch-history.hpp">
      <Filter>include\commands\network</Filter>
    </ClInclude>
    <ClInclude Include="..\..\..\..\include\explorer\commands\fetch-public-key.hpp">
      <Filter>include\commands\stub</Filter>
    </ClInclude>
    <ClInclude Include="..\..\..\..\include\explorer\commands\fetch-stealth.hpp">
      <Filter>include\commands\network</Filter>
    </ClInclude>
    <ClInclude Include="..\..\..\..\include\explorer\commands\fetch-tx.hpp">
      <Filter>include\commands\network</Filter>
    </ClInclude>
    <ClInclude Include="..\..\..\..\include\explorer\commands\fetch-tx-index.hpp">
      <Filter>include\commands\network</Filter>
    </ClInclude>
    <ClInclude Include="..\..\..\..\include\explorer\commands\fetch-utxo.hpp">
      <Filter>include\commands\stub</Filter>
    </ClInclude>
    <ClInclude Include="..\..\..\..\include\explorer\commands\genaddr.hpp">
      <Filter>include\commands\obsolete</Filter>
    </ClInclude>
    <ClInclude Include="..\..\..\..\include\explorer\commands\genpriv.hpp">
      <Filter>include\commands\obsolete</Filter>
    </ClInclude>
    <ClInclude Include="..\..\..\..\include\explorer\commands\genpub.hpp">
      <Filter>include\commands\obsolete</Filter>
    </ClInclude>
    <ClInclude Include="..\..\..\..\include\explorer\commands\hd-new.hpp">
      <Filter>include\commands</Filter>
    </ClInclude>
    <ClInclude Include="..\..\..\..\include\explorer\commands\hd-private.hpp">
      <Filter>include\commands</Filter>
    </ClInclude>
    <ClInclude Include="..\..\..\..\include\explorer\commands\hd-public.hpp">
      <Filter>include\commands</Filter>
    </ClInclude>
    <ClInclude Include="..\..\..\..\include\explorer\commands\hd-to-address.hpp">
      <Filter>include\commands</Filter>
    </ClInclude>
    <ClInclude Include="..\..\..\..\include\explorer\commands\hd-to-ec.hpp">
      <Filter>include\commands</Filter>
    </ClInclude>
    <ClInclude Include="..\..\..\..\include\explorer\commands\hd-to-public.hpp">
      <Filter>include\commands</Filter>
    </ClInclude>
    <ClInclude Include="..\..\..\..\include\explorer\commands\hd-to-wif.hpp">
      <Filter>include\commands</Filter>
    </ClInclude>
    <ClInclude Include="..\..\..\..\include\explorer\commands\help.hpp">
      <Filter>include\commands</Filter>
    </ClInclude>
    <ClInclude Include="..\..\..\..\include\explorer\commands\initchain.hpp">
      <Filter>include\commands\obsolete</Filter>
    </ClInclude>
    <ClInclude Include="..\..\..\..\include\explorer\commands\input-set.hpp">
      <Filter>include\commands</Filter>
    </ClInclude>
    <ClInclude Include="..\..\..\..\include\explorer\commands\input-sign.hpp">
      <Filter>include\commands</Filter>
    </ClInclude>
    <ClInclude Include="..\..\..\..\include\explorer\commands\input-validate.hpp">
      <Filter>include\commands</Filter>
    </ClInclude>
    <ClInclude Include="..\..\..\..\include\explorer\commands\mnemonic-decode.hpp">
      <Filter>include\commands</Filter>
    </ClInclude>
    <ClInclude Include="..\..\..\..\include\explorer\commands\mnemonic-encode.hpp">
      <Filter>include\commands</Filter>
    </ClInclude>
    <ClInclude Include="..\..\..\..\include\explorer\commands\mpk.hpp">
      <Filter>include\commands\obsolete</Filter>
    </ClInclude>
    <ClInclude Include="..\..\..\..\include\explorer\commands\newseed.hpp">
      <Filter>include\commands\obsolete</Filter>
    </ClInclude>
    <ClInclude Include="..\..\..\..\include\explorer\commands\qrcode.hpp">
      <Filter>include\commands\stub</Filter>
    </ClInclude>
    <ClInclude Include="..\..\..\..\include\explorer\commands\ripemd160.hpp">
      <Filter>include\commands</Filter>
    </ClInclude>
    <ClInclude Include="..\..\..\..\include\explorer\commands\satoshi-to-btc.hpp">
      <Filter>include\commands</Filter>
    </ClInclude>
    <ClInclude Include="..\..\..\..\include\explorer\commands\script-decode.hpp">
      <Filter>include\commands</Filter>
    </ClInclude>
    <ClInclude Include="..\..\..\..\include\explorer\commands\script-encode.hpp">
      <Filter>include\commands</Filter>
    </ClInclude>
    <ClInclude Include="..\..\..\..\include\explorer\commands\script-to-address.hpp">
      <Filter>include\commands</Filter>
    </ClInclude>
    <ClInclude Include="..\..\..\..\include\explorer\commands\seed.hpp">
      <Filter>include\commands</Filter>
    </ClInclude>
    <ClInclude Include="..\..\..\..\include\explorer\commands\send-tx.hpp">
      <Filter>include\commands\network</Filter>
    </ClInclude>
    <ClInclude Include="..\..\..\..\include\explorer\commands\send-tx-node.hpp">
      <Filter>include\commands\network</Filter>
    </ClInclude>
    <ClInclude Include="..\..\..\..\include\explorer\commands\send-tx-p2p.hpp">
      <Filter>include\commands\network</Filter>
    </ClInclude>
    <ClInclude Include="..\..\..\..\include\explorer\commands\sendtx-bci.hpp">
      <Filter>include\commands\obsolete</Filter>
    </ClInclude>
    <ClInclude Include="..\..\..\..\include\explorer\commands\sha160.hpp">
      <Filter>include\commands</Filter>
    </ClInclude>
    <ClInclude Include="..\..\..\..\include\explorer\commands\sha256.hpp">
      <Filter>include\commands</Filter>
    </ClInclude>
    <ClInclude Include="..\..\..\..\include\explorer\commands\sha512.hpp">
      <Filter>include\commands</Filter>
    </ClInclude>
    <ClInclude Include="..\..\..\..\include\explorer\commands\showblkhead.hpp">
      <Filter>include\commands\obsolete</Filter>
    </ClInclude>
    <ClInclude Include="..\..\..\..\include\explorer\commands\stealth-address-decode.hpp">
      <Filter>include\commands</Filter>
    </ClInclude>
    <ClInclude Include="..\..\..\..\include\explorer\commands\stealth-address-encode.hpp">
      <Filter>include\commands</Filter>
    </ClInclude>
    <ClInclude Include="..\..\..\..\include\explorer\commands\stealth-new.hpp">
      <Filter>include\commands</Filter>
    </ClInclude>
    <ClInclude Include="..\..\..\..\include\explorer\commands\stealth-newkey.hpp">
      <Filter>include\commands\obsolete</Filter>
    </ClInclude>
    <ClInclude Include="..\..\..\..\include\explorer\commands\stealth-shared-secret.hpp">
      <Filter>include\commands</Filter>
    </ClInclude>
    <ClInclude Include="..\..\..\..\include\explorer\commands\stealth-uncover-public.hpp">
      <Filter>include\commands</Filter>
    </ClInclude>
    <ClInclude Include="..\..\..\..\include\explorer\commands\stealth-uncover-secret.hpp">
      <Filter>include\commands</Filter>
    </ClInclude>
    <ClInclude Include="..\..\..\..\include\explorer\commands\tx-decode.hpp">
      <Filter>include\commands</Filter>
    </ClInclude>
    <ClInclude Include="..\..\..\..\include\explorer\commands\tx-encode.hpp">
      <Filter>include\commands</Filter>
    </ClInclude>
    <ClInclude Include="..\..\..\..\include\explorer\commands\tx-sign.hpp">
      <Filter>include\commands\stub</Filter>
    </ClInclude>
    <ClInclude Include="..\..\..\..\include\explorer\commands\wallet.hpp">
      <Filter>include\commands\obsolete</Filter>
    </ClInclude>
    <ClInclude Include="..\..\..\..\include\explorer\commands\watch-stealth.hpp">
      <Filter>include\commands\network</Filter>
    </ClInclude>
    <ClInclude Include="..\..\..\..\include\explorer\commands\watch-tx.hpp">
      <Filter>include\commands\stub</Filter>
    </ClInclude>
    <ClInclude Include="..\..\..\..\include\explorer\commands\wif-to-ec.hpp">
      <Filter>include\commands</Filter>
    </ClInclude>
    <ClInclude Include="..\..\..\..\include\explorer\commands\wif-to-public.hpp">
      <Filter>include\commands</Filter>
    </ClInclude>
    <ClInclude Include="..\..\..\..\include\explorer\commands\wrap-decode.hpp">
      <Filter>include\commands</Filter>
    </ClInclude>
    <ClInclude Include="..\..\..\..\include\explorer\commands\wrap-encode.hpp">
      <Filter>include\commands</Filter>
    </ClInclude>
    <ClInclude Include="..\..\..\..\include\explorer\impl\utility.ipp">
      <Filter>include\impl</Filter>
    </ClInclude>
    <ClInclude Include="..\..\..\..\include\explorer\impl\prop_tree.ipp">
      <Filter>include\impl</Filter>
    </ClInclude>
    <ClInclude Include="..\..\..\..\include\explorer\primitives\address.hpp">
      <Filter>include\primitives</Filter>
    </ClInclude>
    <ClInclude Include="..\..\..\..\include\explorer\primitives\base16.hpp">
      <Filter>include\primitives</Filter>
    </ClInclude>
    <ClInclude Include="..\..\..\..\include\explorer\primitives\base58.hpp">
      <Filter>include\primitives</Filter>
    </ClInclude>
    <ClInclude Include="..\..\..\..\include\explorer\primitives\btc.hpp">
      <Filter>include\primitives</Filter>
    </ClInclude>
    <ClInclude Include="..\..\..\..\include\explorer\primitives\btc160.hpp">
      <Filter>include\primitives</Filter>
    </ClInclude>
    <ClInclude Include="..\..\..\..\include\explorer\primitives\btc256.hpp">
      <Filter>include\primitives</Filter>
    </ClInclude>
    <ClInclude Include="..\..\..\..\include\explorer\primitives\ec_private.hpp">
      <Filter>include\primitives</Filter>
    </ClInclude>
    <ClInclude Include="..\..\..\..\include\explorer\primitives\ec_public.hpp">
      <Filter>include\primitives</Filter>
    </ClInclude>
    <ClInclude Include="..\..\..\..\include\explorer\primitives\hd_key.hpp">
      <Filter>include\primitives</Filter>
    </ClInclude>
    <ClInclude Include="..\..\..\..\include\explorer\primitives\encoding.hpp">
      <Filter>include\primitives</Filter>
    </ClInclude>
    <ClInclude Include="..\..\..\..\include\explorer\primitives\hashtype.hpp">
      <Filter>include\primitives</Filter>
    </ClInclude>
    <ClInclude Include="..\..\..\..\include\explorer\primitives\hd_priv.hpp">
      <Filter>include\primitives</Filter>
    </ClInclude>
    <ClInclude Include="..\..\..\..\include\explorer\primitives\hd_pub.hpp">
      <Filter>include\primitives</Filter>
    </ClInclude>
    <ClInclude Include="..\..\..\..\include\explorer\primitives\header.hpp">
      <Filter>include\primitives</Filter>
    </ClInclude>
    <ClInclude Include="..\..\..\..\include\explorer\primitives\input.hpp">
      <Filter>include\primitives</Filter>
    </ClInclude>
    <ClInclude Include="..\..\..\..\include\explorer\primitives\output.hpp">
      <Filter>include\primitives</Filter>
    </ClInclude>
    <ClInclude Include="..\..\..\..\include\explorer\primitives\point.hpp">
      <Filter>include\primitives</Filter>
    </ClInclude>
    <ClInclude Include="..\..\..\..\include\explorer\primitives\prefix.hpp">
      <Filter>include\primitives</Filter>
    </ClInclude>
    <ClInclude Include="..\..\..\..\include\explorer\primitives\raw.hpp">
      <Filter>include\primitives</Filter>
    </ClInclude>
    <ClInclude Include="..\..\..\..\include\explorer\primitives\script.hpp">
      <Filter>include\primitives</Filter>
    </ClInclude>
    <ClInclude Include="..\..\..\..\include\explorer\primitives\stealth.hpp">
      <Filter>include\primitives</Filter>
    </ClInclude>
    <ClInclude Include="..\..\..\..\include\explorer\primitives\transaction.hpp">
      <Filter>include\primitives</Filter>
    </ClInclude>
    <ClInclude Include="..\..\..\..\include\explorer\primitives\wif.hpp">
      <Filter>include\primitives</Filter>
    </ClInclude>
    <ClInclude Include="..\..\..\..\include\explorer\primitives\wrapper.hpp">
      <Filter>include\primitives</Filter>
    </ClInclude>
    <ClInclude Include="..\..\..\..\include\explorer\utility\compat.hpp">
      <Filter>include\utility</Filter>
    </ClInclude>
    <ClInclude Include="..\..\..\..\include\explorer\utility\config.hpp">
      <Filter>include\utility</Filter>
    </ClInclude>
    <ClInclude Include="..\..\..\..\include\explorer\utility\environment.hpp">
      <Filter>include\utility</Filter>
    </ClInclude>
    <ClInclude Include="..\..\..\..\include\explorer\utility\parameter.hpp">
      <Filter>include\utility</Filter>
    </ClInclude>
    <ClInclude Include="..\..\..\..\include\explorer\utility\printer.hpp">
      <Filter>include\utility</Filter>
    </ClInclude>
    <ClInclude Include="..\..\..\..\include\explorer\utility\utility.hpp">
      <Filter>include\utility</Filter>
    </ClInclude>
    <ClInclude Include="..\..\..\..\include\explorer\async_client.hpp">
      <Filter>include</Filter>
    </ClInclude>
    <ClInclude Include="..\..\..\..\include\explorer\callback_state.hpp">
      <Filter>include</Filter>
    </ClInclude>
    <ClInclude Include="..\..\..\..\include\explorer\command.hpp">
      <Filter>include</Filter>
    </ClInclude>
    <ClInclude Include="..\..\..\..\include\explorer\define.hpp">
      <Filter>include</Filter>
    </ClInclude>
    <ClInclude Include="..\..\..\..\include\explorer\dispatch.hpp">
      <Filter>include</Filter>
    </ClInclude>
    <ClInclude Include="..\..\..\..\include\explorer\display.hpp">
      <Filter>include</Filter>
    </ClInclude>
    <ClInclude Include="..\..\..\..\include\explorer\generated.hpp">
      <Filter>include</Filter>
    </ClInclude>
    <ClInclude Include="..\..\..\..\include\explorer\obelisk_client.hpp">
      <Filter>include</Filter>
    </ClInclude>
    <ClInclude Include="..\..\..\..\include\explorer\prop_tree.hpp">
      <Filter>include</Filter>
    </ClInclude>
    <ClInclude Include="..\..\..\..\include\explorer\libbitcoin_explorer.hpp">
      <Filter>include</Filter>
    </ClInclude>
  </ItemGroup>
  <ItemGroup>
    <ClCompile Include="..\..\..\..\src\commands\address-decode.cpp">
      <Filter>src\commands</Filter>
    </ClCompile>
    <ClCompile Include="..\..\..\..\src\commands\address-embed.cpp">
      <Filter>src\commands\stub</Filter>
    </ClCompile>
    <ClCompile Include="..\..\..\..\src\commands\address-encode.cpp">
      <Filter>src\commands</Filter>
    </ClCompile>
    <ClCompile Include="..\..\..\..\src\commands\address-validate.cpp">
      <Filter>src\commands</Filter>
    </ClCompile>
    <ClCompile Include="..\..\..\..\src\commands\base58-decode.cpp">
      <Filter>src\commands</Filter>
    </ClCompile>
    <ClCompile Include="..\..\..\..\src\commands\base58-encode.cpp">
      <Filter>src\commands</Filter>
    </ClCompile>
    <ClCompile Include="..\..\..\..\src\commands\base58check-decode.cpp">
      <Filter>src\commands</Filter>
    </ClCompile>
    <ClCompile Include="..\..\..\..\src\commands\base58check-encode.cpp">
      <Filter>src\commands</Filter>
    </ClCompile>
    <ClCompile Include="..\..\..\..\src\commands\bci-fetch-last-height.cpp">
      <Filter>src\commands\obsolete</Filter>
    </ClCompile>
    <ClCompile Include="..\..\..\..\src\commands\bci-history.cpp">
      <Filter>src\commands\obsolete</Filter>
    </ClCompile>
    <ClCompile Include="..\..\..\..\src\commands\bitcoin160.cpp">
      <Filter>src\commands</Filter>
    </ClCompile>
    <ClCompile Include="..\..\..\..\src\commands\bitcoin256.cpp">
      <Filter>src\commands</Filter>
    </ClCompile>
    <ClCompile Include="..\..\..\..\src\commands\blke-fetch-transaction.cpp">
      <Filter>src\commands\obsolete</Filter>
    </ClCompile>
    <ClCompile Include="..\..\..\..\src\commands\btc-to-satoshi.cpp">
      <Filter>src\commands</Filter>
    </ClCompile>
    <ClCompile Include="..\..\..\..\src\commands\ec-add.cpp">
      <Filter>src\commands</Filter>
    </ClCompile>
    <ClCompile Include="..\..\..\..\src\commands\ec-add-secrets.cpp">
      <Filter>src\commands</Filter>
    </ClCompile>
    <ClCompile Include="..\..\..\..\src\commands\ec-lock.cpp">
      <Filter>src\commands\stub</Filter>
    </ClCompile>
    <ClCompile Include="..\..\..\..\src\commands\ec-multiply.cpp">
      <Filter>src\commands</Filter>
    </ClCompile>
    <ClCompile Include="..\..\..\..\src\commands\ec-multiply-secrets.cpp">
      <Filter>src\commands</Filter>
    </ClCompile>
    <ClCompile Include="..\..\..\..\src\commands\ec-new.cpp">
      <Filter>src\commands</Filter>
    </ClCompile>
    <ClCompile Include="..\..\..\..\src\commands\ec-to-address.cpp">
      <Filter>src\commands</Filter>
    </ClCompile>
    <ClCompile Include="..\..\..\..\src\commands\ec-to-public.cpp">
      <Filter>src\commands</Filter>
    </ClCompile>
    <ClCompile Include="..\..\..\..\src\commands\ec-to-wif.cpp">
      <Filter>src\commands</Filter>
    </ClCompile>
    <ClCompile Include="..\..\..\..\src\commands\ec-unlock.cpp">
      <Filter>src\commands\stub</Filter>
    </ClCompile>
    <ClCompile Include="..\..\..\..\src\commands\fetch-balance.cpp">
      <Filter>src\commands\network</Filter>
    </ClCompile>
    <ClCompile Include="..\..\..\..\src\commands\fetch-confirmations.cpp">
      <Filter>src\commands\network</Filter>
    </ClCompile>
    <ClCompile Include="..\..\..\..\src\commands\fetch-header.cpp">
      <Filter>src\commands\network</Filter>
    </ClCompile>
    <ClCompile Include="..\..\..\..\src\commands\fetch-height.cpp">
      <Filter>src\commands\network</Filter>
    </ClCompile>
    <ClCompile Include="..\..\..\..\src\commands\fetch-history.cpp">
      <Filter>src\commands\network</Filter>
    </ClCompile>
    <ClCompile Include="..\..\..\..\src\commands\fetch-public-key.cpp">
      <Filter>src\commands\stub</Filter>
    </ClCompile>
    <ClCompile Include="..\..\..\..\src\commands\fetch-stealth.cpp">
      <Filter>src\commands\network</Filter>
    </ClCompile>
    <ClCompile Include="..\..\..\..\src\commands\fetch-tx.cpp">
      <Filter>src\commands\network</Filter>
    </ClCompile>
    <ClCompile Include="..\..\..\..\src\commands\fetch-tx-index.cpp">
      <Filter>src\commands\network</Filter>
    </ClCompile>
    <ClCompile Include="..\..\..\..\src\commands\fetch-utxo.cpp">
      <Filter>src\commands\stub</Filter>
    </ClCompile>
    <ClCompile Include="..\..\..\..\src\commands\genaddr.cpp">
      <Filter>src\commands\obsolete</Filter>
    </ClCompile>
    <ClCompile Include="..\..\..\..\src\commands\genpriv.cpp">
      <Filter>src\commands\obsolete</Filter>
    </ClCompile>
    <ClCompile Include="..\..\..\..\src\commands\genpub.cpp">
      <Filter>src\commands\obsolete</Filter>
    </ClCompile>
    <ClCompile Include="..\..\..\..\src\commands\hd-new.cpp">
      <Filter>src\commands</Filter>
    </ClCompile>
    <ClCompile Include="..\..\..\..\src\commands\hd-private.cpp">
      <Filter>src\commands</Filter>
    </ClCompile>
    <ClCompile Include="..\..\..\..\src\commands\hd-public.cpp">
      <Filter>src\commands</Filter>
    </ClCompile>
    <ClCompile Include="..\..\..\..\src\commands\hd-to-address.cpp">
      <Filter>src\commands</Filter>
    </ClCompile>
    <ClCompile Include="..\..\..\..\src\commands\hd-to-ec.cpp">
      <Filter>src\commands</Filter>
    </ClCompile>
    <ClCompile Include="..\..\..\..\src\commands\hd-to-public.cpp">
      <Filter>src\commands</Filter>
    </ClCompile>
    <ClCompile Include="..\..\..\..\src\commands\hd-to-wif.cpp">
      <Filter>src\commands</Filter>
    </ClCompile>
    <ClCompile Include="..\..\..\..\src\commands\help.cpp">
      <Filter>src\commands</Filter>
    </ClCompile>
    <ClCompile Include="..\..\..\..\src\commands\initchain.cpp">
      <Filter>src\commands\obsolete</Filter>
    </ClCompile>
    <ClCompile Include="..\..\..\..\src\commands\input-set.cpp">
      <Filter>src\commands</Filter>
    </ClCompile>
    <ClCompile Include="..\..\..\..\src\commands\input-sign.cpp">
      <Filter>src\commands</Filter>
    </ClCompile>
    <ClCompile Include="..\..\..\..\src\commands\input-validate.cpp">
      <Filter>src\commands</Filter>
    </ClCompile>
    <ClCompile Include="..\..\..\..\src\commands\mnemonic-decode.cpp">
      <Filter>src\commands</Filter>
    </ClCompile>
    <ClCompile Include="..\..\..\..\src\commands\mnemonic-encode.cpp">
      <Filter>src\commands</Filter>
    </ClCompile>
    <ClCompile Include="..\..\..\..\src\commands\mpk.cpp">
      <Filter>src\commands\obsolete</Filter>
    </ClCompile>
    <ClCompile Include="..\..\..\..\src\commands\newseed.cpp">
      <Filter>src\commands\obsolete</Filter>
    </ClCompile>
    <ClCompile Include="..\..\..\..\src\commands\qrcode.cpp">
      <Filter>src\commands\stub</Filter>
    </ClCompile>
    <ClCompile Include="..\..\..\..\src\commands\ripemd160.cpp">
      <Filter>src\commands</Filter>
    </ClCompile>
    <ClCompile Include="..\..\..\..\src\commands\satoshi-to-btc.cpp">
      <Filter>src\commands</Filter>
    </ClCompile>
    <ClCompile Include="..\..\..\..\src\commands\script-decode.cpp">
      <Filter>src\commands</Filter>
    </ClCompile>
    <ClCompile Include="..\..\..\..\src\commands\script-encode.cpp">
      <Filter>src\commands</Filter>
    </ClCompile>
    <ClCompile Include="..\..\..\..\src\commands\script-to-address.cpp">
      <Filter>src\commands</Filter>
    </ClCompile>
    <ClCompile Include="..\..\..\..\src\commands\seed.cpp">
      <Filter>src\commands</Filter>
    </ClCompile>
    <ClCompile Include="..\..\..\..\src\commands\send-tx.cpp">
      <Filter>src\commands\network</Filter>
    </ClCompile>
    <ClCompile Include="..\..\..\..\src\commands\send-tx-node.cpp">
      <Filter>src\commands\network</Filter>
    </ClCompile>
    <ClCompile Include="..\..\..\..\src\commands\send-tx-p2p.cpp">
      <Filter>src\commands\network</Filter>
    </ClCompile>
    <ClCompile Include="..\..\..\..\src\commands\sendtx-bci.cpp">
      <Filter>src\commands\obsolete</Filter>
    </ClCompile>
    <ClCompile Include="..\..\..\..\src\commands\sha160.cpp">
      <Filter>src\commands</Filter>
    </ClCompile>
    <ClCompile Include="..\..\..\..\src\commands\sha256.cpp">
      <Filter>src\commands</Filter>
    </ClCompile>
    <ClCompile Include="..\..\..\..\src\commands\sha512.cpp">
      <Filter>src\commands</Filter>
    </ClCompile>
    <ClCompile Include="..\..\..\..\src\commands\showblkhead.cpp">
      <Filter>src\commands\obsolete</Filter>
    </ClCompile>
    <ClCompile Include="..\..\..\..\src\commands\stealth-address-decode.cpp">
      <Filter>src\commands</Filter>
    </ClCompile>
    <ClCompile Include="..\..\..\..\src\commands\stealth-address-encode.cpp">
      <Filter>src\commands</Filter>
    </ClCompile>
    <ClCompile Include="..\..\..\..\src\commands\stealth-new.cpp">
      <Filter>src\commands</Filter>
    </ClCompile>
    <ClCompile Include="..\..\..\..\src\commands\stealth-newkey.cpp">
      <Filter>src\commands\obsolete</Filter>
    </ClCompile>
    <ClCompile Include="..\..\..\..\src\commands\stealth-shared-secret.cpp">
      <Filter>src\commands</Filter>
    </ClCompile>
    <ClCompile Include="..\..\..\..\src\commands\stealth-uncover-public.cpp">
      <Filter>src\commands</Filter>
    </ClCompile>
    <ClCompile Include="..\..\..\..\src\commands\stealth-uncover-secret.cpp">
      <Filter>src\commands</Filter>
    </ClCompile>
    <ClCompile Include="..\..\..\..\src\commands\tx-decode.cpp">
      <Filter>src\commands</Filter>
    </ClCompile>
    <ClCompile Include="..\..\..\..\src\commands\tx-encode.cpp">
      <Filter>src\commands</Filter>
    </ClCompile>
    <ClCompile Include="..\..\..\..\src\commands\tx-sign.cpp">
      <Filter>src\commands\stub</Filter>
    </ClCompile>
    <ClCompile Include="..\..\..\..\src\commands\wallet.cpp">
      <Filter>src\commands\obsolete</Filter>
    </ClCompile>
    <ClCompile Include="..\..\..\..\src\commands\watch-stealth.cpp">
      <Filter>src\commands\network</Filter>
    </ClCompile>
    <ClCompile Include="..\..\..\..\src\commands\watch-tx.cpp">
      <Filter>src\commands\stub</Filter>
    </ClCompile>
    <ClCompile Include="..\..\..\..\src\commands\wif-to-ec.cpp">
      <Filter>src\commands</Filter>
    </ClCompile>
    <ClCompile Include="..\..\..\..\src\commands\wif-to-public.cpp">
      <Filter>src\commands</Filter>
    </ClCompile>
    <ClCompile Include="..\..\..\..\src\commands\wrap-decode.cpp">
      <Filter>src\commands</Filter>
    </ClCompile>
    <ClCompile Include="..\..\..\..\src\commands\wrap-encode.cpp">
      <Filter>src\commands</Filter>
    </ClCompile>
    <ClCompile Include="..\..\..\..\src\primitives\address.cpp">
      <Filter>src\primitives</Filter>
    </ClCompile>
    <ClCompile Include="..\..\..\..\src\primitives\base16.cpp">
      <Filter>src\primitives</Filter>
    </ClCompile>
    <ClCompile Include="..\..\..\..\src\primitives\base58.cpp">
      <Filter>src\primitives</Filter>
    </ClCompile>
    <ClCompile Include="..\..\..\..\src\primitives\btc.cpp">
      <Filter>src\primitives</Filter>
    </ClCompile>
    <ClCompile Include="..\..\..\..\src\primitives\btc160.cpp">
      <Filter>src\primitives</Filter>
    </ClCompile>
    <ClCompile Include="..\..\..\..\src\primitives\btc256.cpp">
      <Filter>src\primitives</Filter>
    </ClCompile>
    <ClCompile Include="..\..\..\..\src\primitives\ec_private.cpp">
      <Filter>src\primitives</Filter>
    </ClCompile>
    <ClCompile Include="..\..\..\..\src\primitives\ec_public.cpp">
      <Filter>src\primitives</Filter>
    </ClCompile>
    <ClCompile Include="..\..\..\..\src\primitives\hashtype.cpp">
      <Filter>src\primitives</Filter>
    </ClCompile>
    <ClCompile Include="..\..\..\..\src\primitives\hd_key.cpp">
      <Filter>src\primitives</Filter>
    </ClCompile>
    <ClCompile Include="..\..\..\..\src\primitives\encoding.cpp">
      <Filter>src\primitives</Filter>
    </ClCompile>
    <ClCompile Include="..\..\..\..\src\primitives\hd_priv.cpp">
      <Filter>src\primitives</Filter>
    </ClCompile>
    <ClCompile Include="..\..\..\..\src\primitives\hd_pub.cpp">
      <Filter>src\primitives</Filter>
    </ClCompile>
    <ClCompile Include="..\..\..\..\src\primitives\header.cpp">
      <Filter>src\primitives</Filter>
    </ClCompile>
    <ClCompile Include="..\..\..\..\src\primitives\input.cpp">
      <Filter>src\primitives</Filter>
    </ClCompile>
    <ClCompile Include="..\..\..\..\src\primitives\output.cpp">
      <Filter>src\primitives</Filter>
    </ClCompile>
    <ClCompile Include="..\..\..\..\src\primitives\point.cpp">
      <Filter>src\primitives</Filter>
    </ClCompile>
    <ClCompile Include="..\..\..\..\src\primitives\prefix.cpp">
      <Filter>src\primitives</Filter>
    </ClCompile>
    <ClCompile Include="..\..\..\..\src\primitives\raw.cpp">
      <Filter>src\primitives</Filter>
    </ClCompile>
    <ClCompile Include="..\..\..\..\src\primitives\script.cpp">
      <Filter>src\primitives</Filter>
    </ClCompile>
    <ClCompile Include="..\..\..\..\src\primitives\stealth.cpp">
      <Filter>src\primitives</Filter>
    </ClCompile>
    <ClCompile Include="..\..\..\..\src\primitives\transaction.cpp">
      <Filter>src\primitives</Filter>
    </ClCompile>
    <ClCompile Include="..\..\..\..\src\primitives\wif.cpp">
      <Filter>src\primitives</Filter>
    </ClCompile>
    <ClCompile Include="..\..\..\..\src\primitives\wrapper.cpp">
      <Filter>src\primitives</Filter>
    </ClCompile>
    <ClCompile Include="..\..\..\..\src\utility\config.cpp">
      <Filter>src\utility</Filter>
    </ClCompile>
    <ClCompile Include="..\..\..\..\src\utility\environment.cpp">
      <Filter>src\utility</Filter>
    </ClCompile>
    <ClCompile Include="..\..\..\..\src\utility\parameter.cpp">
      <Filter>src\utility</Filter>
    </ClCompile>
    <ClCompile Include="..\..\..\..\src\utility\printer.cpp">
      <Filter>src\utility</Filter>
    </ClCompile>
    <ClCompile Include="..\..\..\..\src\utility\utility.cpp">
      <Filter>src\utility</Filter>
    </ClCompile>
    <ClCompile Include="..\..\..\..\src\async_client.cpp">
      <Filter>src</Filter>
    </ClCompile>
    <ClCompile Include="..\..\..\..\src\callback_state.cpp">
      <Filter>src</Filter>
    </ClCompile>
    <ClCompile Include="..\..\..\..\src\dispatch.cpp">
      <Filter>src</Filter>
    </ClCompile>
    <ClCompile Include="..\..\..\..\src\display.cpp">
      <Filter>src</Filter>
    </ClCompile>
    <ClCompile Include="..\..\..\..\src\generated.cpp">
      <Filter>src</Filter>
    </ClCompile>
    <ClCompile Include="..\..\..\..\src\obelisk_client.cpp">
      <Filter>src</Filter>
    </ClCompile>
    <ClCompile Include="..\..\..\..\src\prop_tree.cpp">
      <Filter>src</Filter>
    </ClCompile>
  </ItemGroup>
</Project>
