
Microsoft Visual Studio Solution File, Format Version 12.00
# Visual Studio 14
VisualStudioVersion = 14.0.25420.1
MinimumVisualStudioVersion = 10.0.40219.1
Project("{8BC9CEB8-8B4A-11D0-8D11-00A0C91BC942}") = "libbitcoin-explorer", "libbitcoin-explorer\libbitcoin-explorer.vcxproj", "{4A1D71D5-3DEE-47F0-A189-21C301E2808F}"
EndProject
Project("{8BC9CEB8-8B4A-11D0-8D11-00A0C91BC942}") = "bx", "bx\bx.vcxproj", "{098A91F3-291C-4A0D-AE5A-BC5F9F5693ED}"
EndProject
Project("{8BC9CEB8-8B4A-11D0-8D11-00A0C91BC942}") = "libbitcoin-explorer-test", "libbitcoin-explorer-test\libbitcoin-explorer-test.vcxproj", "{1A0E5EDD-E803-4268-9DFB-044EB80BB0F1}"
EndProject
Global
	GlobalSection(SolutionConfigurationPlatforms) = preSolution
		StaticDebug|Win32 = StaticDebug|Win32
		StaticDebug|x64 = StaticDebug|x64
		StaticRelease|Win32 = StaticRelease|Win32
		StaticRelease|x64 = StaticRelease|x64
	EndGlobalSection
	GlobalSection(ProjectConfigurationPlatforms) = postSolution
		{4A1D71D5-3DEE-47F0-A189-21C301E2808F}.StaticDebug|Win32.ActiveCfg = DebugLIB|Win32
		{4A1D71D5-3DEE-47F0-A189-21C301E2808F}.StaticDebug|Win32.Build.0 = DebugLIB|Win32
		{4A1D71D5-3DEE-47F0-A189-21C301E2808F}.StaticDebug|x64.ActiveCfg = DebugLIB|x64
		{4A1D71D5-3DEE-47F0-A189-21C301E2808F}.StaticDebug|x64.Build.0 = DebugLIB|x64
		{4A1D71D5-3DEE-47F0-A189-21C301E2808F}.StaticRelease|Win32.ActiveCfg = ReleaseLIB|Win32
		{4A1D71D5-3DEE-47F0-A189-21C301E2808F}.StaticRelease|Win32.Build.0 = ReleaseLIB|Win32
		{4A1D71D5-3DEE-47F0-A189-21C301E2808F}.StaticRelease|x64.ActiveCfg = ReleaseLIB|x64
		{4A1D71D5-3DEE-47F0-A189-21C301E2808F}.StaticRelease|x64.Build.0 = ReleaseLIB|x64
		{098A91F3-291C-4A0D-AE5A-BC5F9F5693ED}.StaticDebug|Win32.ActiveCfg = DebugSEXE|Win32
		{098A91F3-291C-4A0D-AE5A-BC5F9F5693ED}.StaticDebug|Win32.Build.0 = DebugSEXE|Win32
		{098A91F3-291C-4A0D-AE5A-BC5F9F5693ED}.StaticDebug|x64.ActiveCfg = DebugSEXE|x64
		{098A91F3-291C-4A0D-AE5A-BC5F9F5693ED}.StaticDebug|x64.Build.0 = DebugSEXE|x64
		{098A91F3-291C-4A0D-AE5A-BC5F9F5693ED}.StaticRelease|Win32.ActiveCfg = ReleaseSEXE|Win32
		{098A91F3-291C-4A0D-AE5A-BC5F9F5693ED}.StaticRelease|Win32.Build.0 = ReleaseSEXE|Win32
		{098A91F3-291C-4A0D-AE5A-BC5F9F5693ED}.StaticRelease|x64.ActiveCfg = ReleaseSEXE|x64
		{098A91F3-291C-4A0D-AE5A-BC5F9F5693ED}.StaticRelease|x64.Build.0 = ReleaseSEXE|x64
		{1A0E5EDD-E803-4268-9DFB-044EB80BB0F1}.StaticDebug|Win32.ActiveCfg = DebugSEXE|Win32
		{1A0E5EDD-E803-4268-9DFB-044EB80BB0F1}.StaticDebug|Win32.Build.0 = DebugSEXE|Win32
		{1A0E5EDD-E803-4268-9DFB-044EB80BB0F1}.StaticDebug|x64.ActiveCfg = DebugSEXE|x64
		{1A0E5EDD-E803-4268-9DFB-044EB80BB0F1}.StaticDebug|x64.Build.0 = DebugSEXE|x64
		{1A0E5EDD-E803-4268-9DFB-044EB80BB0F1}.StaticRelease|Win32.ActiveCfg = ReleaseSEXE|Win32
		{1A0E5EDD-E803-4268-9DFB-044EB80BB0F1}.StaticRelease|Win32.Build.0 = ReleaseSEXE|Win32
		{1A0E5EDD-E803-4268-9DFB-044EB80BB0F1}.StaticRelease|x64.ActiveCfg = ReleaseSEXE|x64
		{1A0E5EDD-E803-4268-9DFB-044EB80BB0F1}.StaticRelease|x64.Build.0 = ReleaseSEXE|x64
	EndGlobalSection
	GlobalSection(SolutionProperties) = preSolution
		HideSolutionNode = FALSE
	EndGlobalSection
EndGlobal
