<?xml version="1.0" encoding="utf-8"?>
<Project ToolsVersion="4.0" xmlns="http://schemas.microsoft.com/developer/msbuild/2003">
  <ItemGroup>
    <None Include="packages.config" />
  </ItemGroup>
  <ItemGroup>
    <Filter Include="src">
      <UniqueIdentifier>{3eb17572-0d1e-4c0f-b582-bdc503608456}</UniqueIdentifier>
    </Filter>
    <Filter Include="src\tests">
      <UniqueIdentifier>{272f2634-0335-488d-8741-271dd38c6092}</UniqueIdentifier>
    </Filter>
    <Filter Include="src\tests\command">
      <UniqueIdentifier>{854c3ba2-ea3e-45ba-a329-75b1c9545712}</UniqueIdentifier>
    </Filter>
    <Filter Include="src\tests\utility">
      <UniqueIdentifier>{ad3dcd3b-991e-438d-84e2-58b47c198365}</UniqueIdentifier>
    </Filter>
    <Filter Include="src\tests\command\stub">
      <UniqueIdentifier>{7071d074-5760-4374-a35d-d26d1201113f}</UniqueIdentifier>
    </Filter>
    <Filter Include="src\tests\command\obelisk">
      <UniqueIdentifier>{30ec4ed5-e76c-45cd-a4c1-2da55271a06b}</UniqueIdentifier>
    </Filter>
    <Filter Include="src\tests\command\obsolete">
      <UniqueIdentifier>{930d925a-aab0-4934-96a2-3766c01a2793}</UniqueIdentifier>
    </Filter>
    <Filter Include="src\tests\serializer">
      <UniqueIdentifier>{14f110d7-6526-4899-bddb-d390b0ca55ae}</UniqueIdentifier>
    </Filter>
    <Filter Include="src\tests\command\satoshi">
      <UniqueIdentifier>{ccd16e5f-5d92-4343-ad28-dde00ab5892c}</UniqueIdentifier>
    </Filter>
    <Filter Include="src\tests\command\encoding">
      <UniqueIdentifier>{348bf824-7d22-4845-a276-d39986f7e5d0}</UniqueIdentifier>
    </Filter>
    <Filter Include="src\tests\command\key">
      <UniqueIdentifier>{2f4ddd10-a13e-442d-897c-86189cab0184}</UniqueIdentifier>
    </Filter>
  </ItemGroup>
  <ItemGroup>
    <ClCompile Include="..\..\..\..\test\main.cpp">
      <Filter>src</Filter>
    </ClCompile>
    <ClCompile Include="..\..\..\..\test\generated__broadcast.cpp">
      <Filter>src\tests</Filter>
    </ClCompile>
    <ClCompile Include="..\..\..\..\test\generated__find.cpp">
      <Filter>src\tests</Filter>
    </ClCompile>
    <ClCompile Include="..\..\..\..\test\help.cpp">
      <Filter>src\tests\command</Filter>
    </ClCompile>
    <ClCompile Include="..\..\..\..\test\parameter.cpp">
      <Filter>src\tests\utility</Filter>
    </ClCompile>
    <ClCompile Include="..\..\..\..\test\printer.cpp">
      <Filter>src\tests\utility</Filter>
    </ClCompile>
    <ClCompile Include="..\..\..\..\test\wrap.cpp">
      <Filter>src\tests\command</Filter>
    </ClCompile>
    <ClCompile Include="..\..\..\..\test\unwrap.cpp">
      <Filter>src\tests\command</Filter>
    </ClCompile>
    <ClCompile Include="..\..\..\..\test\stealth-addr.cpp">
      <Filter>src\tests\command</Filter>
    </ClCompile>
    <ClCompile Include="..\..\..\..\test\generated__symbol.cpp">
      <Filter>src\tests</Filter>
    </ClCompile>
    <ClCompile Include="..\..\..\..\test\bci-fetch-last-height.cpp">
      <Filter>src\tests\command\stub</Filter>
    </ClCompile>
    <ClCompile Include="..\..\..\..\test\bci-history.cpp">
      <Filter>src\tests\command\stub</Filter>
    </ClCompile>
    <ClCompile Include="..\..\..\..\test\brainwallet.cpp">
      <Filter>src\tests\command\stub</Filter>
    </ClCompile>
    <ClCompile Include="..\..\..\..\test\btc.cpp">
      <Filter>src\tests\command\stub</Filter>
    </ClCompile>
    <ClCompile Include="..\..\..\..\test\base58check-decode.cpp">
      <Filter>src\tests\command\stub</Filter>
    </ClCompile>
    <ClCompile Include="..\..\..\..\test\base58check-encode.cpp">
      <Filter>src\tests\command\stub</Filter>
    </ClCompile>
    <ClCompile Include="..\..\..\..\test\get-utxo.cpp">
      <Filter>src\tests\command\stub</Filter>
    </ClCompile>
    <ClCompile Include="..\..\..\..\test\get-pubkey.cpp">
      <Filter>src\tests\command\stub</Filter>
    </ClCompile>
    <ClCompile Include="..\..\..\..\test\satoshi.cpp">
      <Filter>src\tests\command\stub</Filter>
    </ClCompile>
    <ClCompile Include="..\..\..\..\test\fetch-header-hash.cpp">
      <Filter>src\tests\command\obelisk</Filter>
    </ClCompile>
    <ClCompile Include="..\..\..\..\test\fetch-header-height.cpp">
      <Filter>src\tests\command\obelisk</Filter>
    </ClCompile>
    <ClCompile Include="..\..\..\..\test\fetch-last-height.cpp">
      <Filter>src\tests\command\obelisk</Filter>
    </ClCompile>
    <ClCompile Include="..\..\..\..\test\fetch-stealth.cpp">
      <Filter>src\tests\command\obelisk</Filter>
    </ClCompile>
    <ClCompile Include="..\..\..\..\test\fetch-transaction.cpp">
      <Filter>src\tests\command\obelisk</Filter>
    </ClCompile>
    <ClCompile Include="..\..\..\..\test\fetch-transaction-index.cpp">
      <Filter>src\tests\command\obelisk</Filter>
    </ClCompile>
    <ClCompile Include="..\..\..\..\test\history.cpp">
      <Filter>src\tests\command\obelisk</Filter>
    </ClCompile>
    <ClCompile Include="..\..\..\..\test\balance.cpp">
      <Filter>src\tests\command\obelisk</Filter>
    </ClCompile>
    <ClCompile Include="..\..\..\..\test\genaddr.cpp">
      <Filter>src\tests\command\obsolete</Filter>
    </ClCompile>
    <ClCompile Include="..\..\..\..\test\genpriv.cpp">
      <Filter>src\tests\command\obsolete</Filter>
    </ClCompile>
    <ClCompile Include="..\..\..\..\test\genpub.cpp">
      <Filter>src\tests\command\obsolete</Filter>
    </ClCompile>
    <ClCompile Include="..\..\..\..\test\address.cpp">
      <Filter>src\tests\serializer</Filter>
    </ClCompile>
    <ClCompile Include="..\..\..\..\test\base58.cpp">
      <Filter>src\tests\serializer</Filter>
    </ClCompile>
    <ClCompile Include="..\..\..\..\test\be-fetch-transaction.cpp">
      <Filter>src\tests\command\stub</Filter>
    </ClCompile>
    <ClCompile Include="..\..\..\..\test\bci-send-transaction.cpp">
      <Filter>src\tests\command\stub</Filter>
    </ClCompile>
    <ClCompile Include="..\..\..\..\test\qrcode.cpp">
      <Filter>src\tests\command\stub</Filter>
    </ClCompile>
    <ClCompile Include="..\..\..\..\test\watchtx.cpp">
      <Filter>src\tests\command\stub</Filter>
    </ClCompile>
    <ClCompile Include="..\..\..\..\test\newkey.cpp">
      <Filter>src\tests\command\obsolete</Filter>
    </ClCompile>
    <ClCompile Include="..\..\..\..\test\newseed.cpp">
      <Filter>src\tests\command\obsolete</Filter>
    </ClCompile>
    <ClCompile Include="..\..\..\..\test\mpk.cpp">
      <Filter>src\tests\command\obsolete</Filter>
    </ClCompile>
    <ClCompile Include="..\..\..\..\test\wif-to-ec.cpp">
      <Filter>src\tests\command</Filter>
    </ClCompile>
    <ClCompile Include="..\..\..\..\test\base58-decode.cpp">
      <Filter>src\tests\command\encoding</Filter>
    </ClCompile>
    <ClCompile Include="..\..\..\..\test\base58-encode.cpp">
      <Filter>src\tests\command\encoding</Filter>
    </ClCompile>
    <ClCompile Include="..\..\..\..\test\bitcoin160.cpp">
      <Filter>src\tests\command\encoding</Filter>
    </ClCompile>
    <ClCompile Include="..\..\..\..\test\bitcoin256.cpp">
      <Filter>src\tests\command\encoding</Filter>
    </ClCompile>
    <ClCompile Include="..\..\..\..\test\ripemd160.cpp">
      <Filter>src\tests\command\encoding</Filter>
    </ClCompile>
    <ClCompile Include="..\..\..\..\test\sha1.cpp">
      <Filter>src\tests\command\encoding</Filter>
    </ClCompile>
    <ClCompile Include="..\..\..\..\test\sha256.cpp">
      <Filter>src\tests\command\encoding</Filter>
    </ClCompile>
    <ClCompile Include="..\..\..\..\test\sha512.cpp">
      <Filter>src\tests\command\encoding</Filter>
    </ClCompile>
    <ClCompile Include="..\..\..\..\test\addr.cpp">
      <Filter>src\tests\command\key</Filter>
    </ClCompile>
    <ClCompile Include="..\..\..\..\test\addr-decode.cpp">
      <Filter>src\tests\command\key</Filter>
    </ClCompile>
    <ClCompile Include="..\..\..\..\test\addr-encode.cpp">
      <Filter>src\tests\command\key</Filter>
    </ClCompile>
    <ClCompile Include="..\..\..\..\test\ec-add.cpp">
      <Filter>src\tests\command\key</Filter>
    </ClCompile>
    <ClCompile Include="..\..\..\..\test\ec-add-secrets.cpp">
      <Filter>src\tests\command\key</Filter>
    </ClCompile>
    <ClCompile Include="..\..\..\..\test\ec-multiply.cpp">
      <Filter>src\tests\command\key</Filter>
    </ClCompile>
    <ClCompile Include="..\..\..\..\test\ec-multiply-secrets.cpp">
      <Filter>src\tests\command\key</Filter>
    </ClCompile>
    <ClCompile Include="..\..\..\..\test\ec-to-wif.cpp">
      <Filter>src\tests\command\key</Filter>
    </ClCompile>
    <ClCompile Include="..\..\..\..\test\hd-priv.cpp">
      <Filter>src\tests\command\key</Filter>
    </ClCompile>
    <ClCompile Include="..\..\..\..\test\hd-pub.cpp">
      <Filter>src\tests\command\key</Filter>
    </ClCompile>
    <ClCompile Include="..\..\..\..\test\hd-seed.cpp">
      <Filter>src\tests\command\key</Filter>
    </ClCompile>
    <ClCompile Include="..\..\..\..\test\hd-to-address.cpp">
      <Filter>src\tests\command\key</Filter>
    </ClCompile>
    <ClCompile Include="..\..\..\..\test\hd-to-wif.cpp">
      <Filter>src\tests\command\key</Filter>
    </ClCompile>
    <ClCompile Include="..\..\..\..\test\embed-addr.cpp">
      <Filter>src\tests\command\stub</Filter>
    </ClCompile>
    <ClCompile Include="..\..\..\..\test\addr-validate.cpp">
      <Filter>src\tests\command\key</Filter>
    </ClCompile>
  </ItemGroup>
  <ItemGroup>
    <ClInclude Include="..\..\..\..\test\command.hpp">
      <Filter>src\tests\command</Filter>
    </ClInclude>
  </ItemGroup>
</Project>