<?xml version="1.0" encoding="utf-8"?>
<Project ToolsVersion="4.0" xmlns="http://schemas.microsoft.com/developer/msbuild/2003">
  <ItemGroup>
    <None Include="packages.config" />
  </ItemGroup>
  <ItemGroup>
    <Filter Include="tests">
      <UniqueIdentifier>{272f2634-0335-488d-8741-271dd38c6092}</UniqueIdentifier>
    </Filter>
    <Filter Include="src">
      <UniqueIdentifier>{3eb17572-0d1e-4c0f-b582-bdc503608456}</UniqueIdentifier>
    </Filter>
  </ItemGroup>
  <ItemGroup>
    <ClCompile Include="..\..\..\..\test\generated_find.cpp">
      <Filter>tests</Filter>
    </ClCompile>
    <ClCompile Include="..\..\..\..\test\generated_symbol.cpp">
      <Filter>tests</Filter>
    </ClCompile>
    <ClCompile Include="..\..\..\..\test\console_line_out.cpp">
      <Filter>tests</Filter>
    </ClCompile>
    <ClCompile Include="..\..\..\..\test\generated_broadcast.cpp">
      <Filter>tests</Filter>
    </ClCompile>
    <ClCompile Include="..\..\..\..\test\main.cpp">
      <Filter>src</Filter>
    </ClCompile>
  </ItemGroup>
</Project>