<?xml version="1.0" encoding="utf-8"?>
<Project ToolsVersion="4.0" xmlns="http://schemas.microsoft.com/developer/msbuild/2003">
  <ItemGroup>
    <None Include="packages.config" />
  </ItemGroup>
  <ItemGroup>
    <Filter Include="src">
      <UniqueIdentifier>{3eb17572-0d1e-4c0f-b582-bdc503608456}</UniqueIdentifier>
    </Filter>
    <Filter Include="src\tests">
      <UniqueIdentifier>{272f2634-0335-488d-8741-271dd38c6092}</UniqueIdentifier>
    </Filter>
    <Filter Include="src\tests\command">
      <UniqueIdentifier>{854c3ba2-ea3e-45ba-a329-75b1c9545712}</UniqueIdentifier>
    </Filter>
    <Filter Include="src\tests\utility">
      <UniqueIdentifier>{ad3dcd3b-991e-438d-84e2-58b47c198365}</UniqueIdentifier>
    </Filter>
  </ItemGroup>
  <ItemGroup>
    <ClCompile Include="..\..\..\..\test\main.cpp">
      <Filter>src</Filter>
    </ClCompile>
    <ClCompile Include="..\..\..\..\test\console__line_out.cpp">
      <Filter>src\tests\utility</Filter>
    </ClCompile>
    <ClCompile Include="$(MSBuildThisFileDirectory)..\..\lib\native\src\leveldb-single-file.cpp" />
    <ClCompile Include="$(MSBuildThisFileDirectory)..\..\lib\native\src\snappy-single-file.cpp" />
    <ClCompile Include="$(MSBuildThisFileDirectory)..\..\lib\native\src\crc32c.cpp" />
    <ClCompile Include="..\..\..\..\test\generated__broadcast.cpp">
      <Filter>src\tests</Filter>
    </ClCompile>
    <ClCompile Include="..\..\..\..\test\generated__find.cpp">
      <Filter>src\tests</Filter>
    </ClCompile>
    <ClCompile Include="..\..\..\..\test\generated__symbol.cpp">
      <Filter>src\tests</Filter>
    </ClCompile>
    <ClCompile Include="..\..\..\..\test\help.cpp">
      <Filter>src\tests\command</Filter>
    </ClCompile>
    <ClCompile Include="..\..\..\..\test\parameter.cpp">
      <Filter>src\tests\utility</Filter>
    </ClCompile>
    <ClCompile Include="..\..\..\..\test\printer.cpp">
      <Filter>src\tests\utility</Filter>
    </ClCompile>
    <ClCompile Include="..\..\..\..\test\addr.cpp">
      <Filter>src\tests\command</Filter>
    </ClCompile>
    <ClCompile Include="..\..\..\..\test\balance.cpp">
      <Filter>src\tests\command</Filter>
    </ClCompile>
    <ClCompile Include="..\..\..\..\test\wrap.cpp">
      <Filter>src\tests\command</Filter>
    </ClCompile>
    <ClCompile Include="..\..\..\..\test\unwrap.cpp">
      <Filter>src\tests\command</Filter>
    </ClCompile>
    <ClCompile Include="..\..\..\..\test\bci-history.cpp">
      <Filter>src\tests\command</Filter>
    </ClCompile>
    <ClCompile Include="..\..\..\..\test\bci-fetch-last-height.cpp">
      <Filter>src\tests\command</Filter>
    </ClCompile>
    <ClCompile Include="..\..\..\..\test\base58-decode.cpp">
      <Filter>src\tests\command</Filter>
    </ClCompile>
    <ClCompile Include="..\..\..\..\test\base58-encode.cpp">
      <Filter>src\tests\command</Filter>
    </ClCompile>
    <ClCompile Include="..\..\..\..\test\base58check-decode.cpp">
      <Filter>src\tests\command</Filter>
    </ClCompile>
    <ClCompile Include="..\..\..\..\test\base58check-encode.cpp">
      <Filter>src\tests\command</Filter>
    </ClCompile>
    <ClCompile Include="..\..\..\..\test\stealth-addr.cpp">
      <Filter>src\tests\command</Filter>
    </ClCompile>
    <ClCompile Include="..\..\..\..\test\blke-fetch-transaction.cpp">
      <Filter>src\tests\command</Filter>
    </ClCompile>
    <ClCompile Include="..\..\..\..\test\brainwallet.cpp">
      <Filter>src\tests\command</Filter>
    </ClCompile>
    <ClCompile Include="..\..\..\..\test\satoshi.cpp">
      <Filter>src\tests\command</Filter>
    </ClCompile>
    <ClCompile Include="..\..\..\..\test\btc.cpp">
      <Filter>src\tests\command</Filter>
    </ClCompile>
    <ClCompile Include="..\..\..\..\test\decode-addr.cpp">
      <Filter>src\tests\command</Filter>
    </ClCompile>
    <ClCompile Include="..\..\..\..\test\encode-addr.cpp">
      <Filter>src\tests\command</Filter>
    </ClCompile>
  </ItemGroup>
  <ItemGroup>
    <ClInclude Include="..\..\..\..\test\command.hpp">
      <Filter>src\tests\command</Filter>
    </ClInclude>
  </ItemGroup>
</Project>