<?xml version="1.0" encoding="utf-8"?>
<Project ToolsVersion="4.0" xmlns="http://schemas.microsoft.com/developer/msbuild/2003">
  <ItemGroup>
    <None Include="packages.config" />
  </ItemGroup>
  <ItemGroup>
    <Filter Include="src">
      <UniqueIdentifier>{6afc4dd0-6330-4dca-b176-cd4887f27b9f}</UniqueIdentifier>
    </Filter>
    <Filter Include="include">
      <UniqueIdentifier>{f75d4585-8ee2-45e8-96ec-880c63fc243e}</UniqueIdentifier>
    </Filter>
    <Filter Include="src\commands">
      <UniqueIdentifier>{7cf6fe23-da90-44c8-8b78-b68a8f1ff830}</UniqueIdentifier>
    </Filter>
  </ItemGroup>
  <ItemGroup>
    <ClInclude Include="..\..\..\..\src\config.hpp">
      <Filter>include</Filter>
    </ClInclude>
    <ClInclude Include="..\..\..\..\src\util.hpp">
      <Filter>include</Filter>
    </ClInclude>
    <ClInclude Include="..\..\..\..\src\environment.hpp">
      <Filter>include</Filter>
    </ClInclude>
    <ClInclude Include="..\..\..\..\src\ec_util.hpp">
      <Filter>include</Filter>
    </ClInclude>
    <ClInclude Include="..\..\..\..\src\main.hpp">
      <Filter>include</Filter>
    </ClInclude>
    <ClInclude Include="..\..\..\..\src\compat.hpp">
      <Filter>include</Filter>
    </ClInclude>
  </ItemGroup>
  <ItemGroup>
    <ClCompile Include="..\..\..\..\src\config.cpp">
      <Filter>src</Filter>
    </ClCompile>
    <ClCompile Include="$(MSBuildThisFileDirectory)..\..\lib\native\src\boost_filesystem.codecvt_error_category.cpp" />
    <ClCompile Include="$(MSBuildThisFileDirectory)..\..\lib\native\src\boost_filesystem.operations.cpp" />
    <ClCompile Include="$(MSBuildThisFileDirectory)..\..\lib\native\src\boost_filesystem.path.cpp" />
    <ClCompile Include="$(MSBuildThisFileDirectory)..\..\lib\native\src\boost_filesystem.path_traits.cpp" />
    <ClCompile Include="$(MSBuildThisFileDirectory)..\..\lib\native\src\boost_filesystem.portability.cpp" />
    <ClCompile Include="$(MSBuildThisFileDirectory)..\..\lib\native\src\boost_filesystem.unique_path.cpp" />
    <ClCompile Include="$(MSBuildThisFileDirectory)..\..\lib\native\src\boost_filesystem.utf8_codecvt_facet.cpp" />
    <ClCompile Include="$(MSBuildThisFileDirectory)..\..\lib\native\src\boost_filesystem.windows_file_codecvt.cpp" />
    <ClCompile Include="..\..\..\..\src\environment.cpp">
      <Filter>src</Filter>
    </ClCompile>
    <ClCompile Include="..\..\..\..\src\main.cpp">
      <Filter>src</Filter>
    </ClCompile>
    <ClCompile Include="..\..\..\..\src\wallet.cpp">
      <Filter>src\commands</Filter>
    </ClCompile>
  </ItemGroup>
</Project>