<?xml version="1.0" encoding="utf-8"?>
<!--
#################################################################
#   GENERATED SOURCE CODE, DO NOT EDIT EXCEPT EXPERIMENTALLY    #
#################################################################
-->
<Project ToolsVersion="4.0" xmlns="http://schemas.microsoft.com/developer/msbuild/2003">
  <ItemGroup>
    <None Include="packages.config" />
  </ItemGroup>
  <ItemGroup>
    <Filter Include="src">
      <UniqueIdentifier>{3eb17572-0d1e-4c0f-b582-bdc503608456}</UniqueIdentifier>
    </Filter>
    <Filter Include="src\tests">
      <UniqueIdentifier>{272f2634-0335-488d-8741-271dd38c6092}</UniqueIdentifier>
    </Filter>
    <Filter Include="src\tests\commands">
      <UniqueIdentifier>{854c3ba2-ea3e-45ba-a329-75b1c9545712}</UniqueIdentifier>
    </Filter>
    <Filter Include="src\tests\commands\network">
      <UniqueIdentifier>{30ec4ed5-e76c-45cd-a4c1-2da55271a06b}</UniqueIdentifier>
    </Filter>
    <Filter Include="src\tests\commands\obsolete">
      <UniqueIdentifier>{930d925a-aab0-4934-96a2-3766c01a2793}</UniqueIdentifier>
    </Filter>
    <Filter Include="src\tests\commands\stub">
      <UniqueIdentifier>{44ca92b4-d241-4677-aac2-0bb85bd9a990}</UniqueIdentifier>
    </Filter>
    <Filter Include="src\tests\config">
      <UniqueIdentifier>{14f110d7-6526-4899-bddb-d390b0ca55ae}</UniqueIdentifier>
    </Filter>
  </ItemGroup>
  <ItemGroup>
    <ClCompile Include="..\..\..\..\test\commands\address-decode.cpp">
      <Filter>src\tests\commands</Filter>
    </ClCompile>
    <ClCompile Include="..\..\..\..\test\commands\address-embed.cpp">
      <Filter>src\tests\commands</Filter>
    </ClCompile>
    <ClCompile Include="..\..\..\..\test\commands\address-encode.cpp">
      <Filter>src\tests\commands</Filter>
    </ClCompile>
    <ClCompile Include="..\..\..\..\test\commands\base16-decode.cpp">
      <Filter>src\tests\commands</Filter>
    </ClCompile>
    <ClCompile Include="..\..\..\..\test\commands\base16-encode.cpp">
      <Filter>src\tests\commands</Filter>
    </ClCompile>
    <ClCompile Include="..\..\..\..\test\commands\base58-decode.cpp">
      <Filter>src\tests\commands</Filter>
    </ClCompile>
    <ClCompile Include="..\..\..\..\test\commands\base58-encode.cpp">
      <Filter>src\tests\commands</Filter>
    </ClCompile>
    <ClCompile Include="..\..\..\..\test\commands\base58check-decode.cpp">
      <Filter>src\tests\commands</Filter>
    </ClCompile>
    <ClCompile Include="..\..\..\..\test\commands\base58check-encode.cpp">
      <Filter>src\tests\commands</Filter>
    </ClCompile>
    <ClCompile Include="..\..\..\..\test\commands\base64-decode.cpp">
      <Filter>src\tests\commands</Filter>
    </ClCompile>
    <ClCompile Include="..\..\..\..\test\commands\base64-encode.cpp">
      <Filter>src\tests\commands</Filter>
    </ClCompile>
    <ClCompile Include="..\..\..\..\test\commands\bitcoin160.cpp">
      <Filter>src\tests\commands</Filter>
    </ClCompile>
    <ClCompile Include="..\..\..\..\test\commands\bitcoin256.cpp">
      <Filter>src\tests\commands</Filter>
    </ClCompile>
    <ClCompile Include="..\..\..\..\test\commands\btc-to-satoshi.cpp">
      <Filter>src\tests\commands</Filter>
    </ClCompile>
    <ClCompile Include="..\..\..\..\test\commands\cert-new.cpp">
      <Filter>src\tests\commands</Filter>
    </ClCompile>
    <ClCompile Include="..\..\..\..\test\commands\cert-public.cpp">
      <Filter>src\tests\commands</Filter>
    </ClCompile>
    <ClCompile Include="..\..\..\..\test\commands\ec-add.cpp">
      <Filter>src\tests\commands</Filter>
    </ClCompile>
    <ClCompile Include="..\..\..\..\test\commands\ec-add-secrets.cpp">
      <Filter>src\tests\commands</Filter>
    </ClCompile>
    <ClCompile Include="..\..\..\..\test\commands\ec-multiply.cpp">
      <Filter>src\tests\commands</Filter>
    </ClCompile>
    <ClCompile Include="..\..\..\..\test\commands\ec-multiply-secrets.cpp">
      <Filter>src\tests\commands</Filter>
    </ClCompile>
    <ClCompile Include="..\..\..\..\test\commands\ec-new.cpp">
      <Filter>src\tests\commands</Filter>
    </ClCompile>
    <ClCompile Include="..\..\..\..\test\commands\ec-to-address.cpp">
      <Filter>src\tests\commands</Filter>
    </ClCompile>
    <ClCompile Include="..\..\..\..\test\commands\ec-to-ek.cpp">
      <Filter>src\tests\commands</Filter>
    </ClCompile>
    <ClCompile Include="..\..\..\..\test\commands\ec-to-public.cpp">
      <Filter>src\tests\commands</Filter>
    </ClCompile>
    <ClCompile Include="..\..\..\..\test\commands\ec-to-wif.cpp">
      <Filter>src\tests\commands</Filter>
    </ClCompile>
    <ClCompile Include="..\..\..\..\test\commands\ek-address.cpp">
      <Filter>src\tests\commands</Filter>
    </ClCompile>
    <ClCompile Include="..\..\..\..\test\commands\ek-new.cpp">
      <Filter>src\tests\commands</Filter>
    </ClCompile>
    <ClCompile Include="..\..\..\..\test\commands\ek-public.cpp">
      <Filter>src\tests\commands</Filter>
    </ClCompile>
    <ClCompile Include="..\..\..\..\test\commands\ek-public-to-address.cpp">
      <Filter>src\tests\commands</Filter>
    </ClCompile>
    <ClCompile Include="..\..\..\..\test\commands\ek-public-to-ec.cpp">
      <Filter>src\tests\commands</Filter>
    </ClCompile>
    <ClCompile Include="..\..\..\..\test\commands\ek-to-address.cpp">
      <Filter>src\tests\commands</Filter>
    </ClCompile>
    <ClCompile Include="..\..\..\..\test\commands\ek-to-ec.cpp">
      <Filter>src\tests\commands</Filter>
    </ClCompile>
    <ClCompile Include="..\..\..\..\test\commands\fetch-balance.cpp">
      <Filter>src\tests\commands\network</Filter>
    </ClCompile>
    <ClCompile Include="..\..\..\..\test\commands\fetch-header.cpp">
      <Filter>src\tests\commands\network</Filter>
    </ClCompile>
    <ClCompile Include="..\..\..\..\test\commands\fetch-height.cpp">
      <Filter>src\tests\commands\network</Filter>
    </ClCompile>
    <ClCompile Include="..\..\..\..\test\commands\fetch-history.cpp">
      <Filter>src\tests\commands\network</Filter>
    </ClCompile>
    <ClCompile Include="..\..\..\..\test\commands\fetch-public-key.cpp">
      <Filter>src\tests\commands\stub</Filter>
    </ClCompile>
    <ClCompile Include="..\..\..\..\test\commands\fetch-stealth.cpp">
      <Filter>src\tests\commands\network</Filter>
    </ClCompile>
    <ClCompile Include="..\..\..\..\test\commands\fetch-tx.cpp">
      <Filter>src\tests\commands\network</Filter>
    </ClCompile>
    <ClCompile Include="..\..\..\..\test\commands\fetch-tx-index.cpp">
      <Filter>src\tests\commands\network</Filter>
    </ClCompile>
    <ClCompile Include="..\..\..\..\test\commands\fetch-utxo.cpp">
      <Filter>src\tests\commands\network</Filter>
    </ClCompile>
    <ClCompile Include="..\..\..\..\test\commands\hd-new.cpp">
      <Filter>src\tests\commands</Filter>
    </ClCompile>
    <ClCompile Include="..\..\..\..\test\commands\hd-private.cpp">
      <Filter>src\tests\commands</Filter>
    </ClCompile>
    <ClCompile Include="..\..\..\..\test\commands\hd-public.cpp">
      <Filter>src\tests\commands</Filter>
    </ClCompile>
    <ClCompile Include="..\..\..\..\test\commands\hd-to-address.cpp">
      <Filter>src\tests\commands\obsolete</Filter>
    </ClCompile>
    <ClCompile Include="..\..\..\..\test\commands\hd-to-ec.cpp">
      <Filter>src\tests\commands</Filter>
    </ClCompile>
    <ClCompile Include="..\..\..\..\test\commands\hd-to-public.cpp">
      <Filter>src\tests\commands</Filter>
    </ClCompile>
    <ClCompile Include="..\..\..\..\test\commands\hd-to-wif.cpp">
      <Filter>src\tests\commands\obsolete</Filter>
    </ClCompile>
    <ClCompile Include="..\..\..\..\test\commands\help.cpp">
      <Filter>src\tests\commands</Filter>
    </ClCompile>
    <ClCompile Include="..\..\..\..\test\commands\input-set.cpp">
      <Filter>src\tests\commands</Filter>
    </ClCompile>
    <ClCompile Include="..\..\..\..\test\commands\input-sign.cpp">
      <Filter>src\tests\commands</Filter>
    </ClCompile>
    <ClCompile Include="..\..\..\..\test\commands\input-validate.cpp">
      <Filter>src\tests\commands</Filter>
    </ClCompile>
    <ClCompile Include="..\..\..\..\test\commands\message-sign.cpp">
      <Filter>src\tests\commands</Filter>
    </ClCompile>
    <ClCompile Include="..\..\..\..\test\commands\message-validate.cpp">
      <Filter>src\tests\commands</Filter>
    </ClCompile>
    <ClCompile Include="..\..\..\..\test\commands\mnemonic-decode.cpp">
      <Filter>src\tests\commands\obsolete</Filter>
    </ClCompile>
    <ClCompile Include="..\..\..\..\test\commands\mnemonic-encode.cpp">
      <Filter>src\tests\commands\obsolete</Filter>
    </ClCompile>
    <ClCompile Include="..\..\..\..\test\commands\mnemonic-new.cpp">
      <Filter>src\tests\commands</Filter>
    </ClCompile>
    <ClCompile Include="..\..\..\..\test\commands\mnemonic-to-seed.cpp">
      <Filter>src\tests\commands</Filter>
    </ClCompile>
    <ClCompile Include="..\..\..\..\test\commands\qrcode.cpp">
      <Filter>src\tests\commands</Filter>
    </ClCompile>
    <ClCompile Include="..\..\..\..\test\commands\ripemd160.cpp">
      <Filter>src\tests\commands</Filter>
    </ClCompile>
    <ClCompile Include="..\..\..\..\test\commands\satoshi-to-btc.cpp">
      <Filter>src\tests\commands</Filter>
    </ClCompile>
    <ClCompile Include="..\..\..\..\test\commands\script-decode.cpp">
      <Filter>src\tests\commands</Filter>
    </ClCompile>
    <ClCompile Include="..\..\..\..\test\commands\script-encode.cpp">
      <Filter>src\tests\commands</Filter>
    </ClCompile>
    <ClCompile Include="..\..\..\..\test\commands\script-to-address.cpp">
      <Filter>src\tests\commands</Filter>
    </ClCompile>
    <ClCompile Include="..\..\..\..\test\commands\seed.cpp">
      <Filter>src\tests\commands</Filter>
    </ClCompile>
    <ClCompile Include="..\..\..\..\test\commands\send-tx.cpp">
      <Filter>src\tests\commands\network</Filter>
    </ClCompile>
    <ClCompile Include="..\..\..\..\test\commands\send-tx-node.cpp">
      <Filter>src\tests\commands\network</Filter>
    </ClCompile>
    <ClCompile Include="..\..\..\..\test\commands\send-tx-p2p.cpp">
      <Filter>src\tests\commands\network</Filter>
    </ClCompile>
    <ClCompile Include="..\..\..\..\test\commands\settings.cpp">
      <Filter>src\tests\commands</Filter>
    </ClCompile>
    <ClCompile Include="..\..\..\..\test\commands\sha160.cpp">
      <Filter>src\tests\commands</Filter>
    </ClCompile>
    <ClCompile Include="..\..\..\..\test\commands\sha256.cpp">
      <Filter>src\tests\commands</Filter>
    </ClCompile>
    <ClCompile Include="..\..\..\..\test\commands\sha512.cpp">
      <Filter>src\tests\commands</Filter>
    </ClCompile>
    <ClCompile Include="..\..\..\..\test\commands\stealth-decode.cpp">
      <Filter>src\tests\commands</Filter>
    </ClCompile>
    <ClCompile Include="..\..\..\..\test\commands\stealth-encode.cpp">
      <Filter>src\tests\commands</Filter>
    </ClCompile>
    <ClCompile Include="..\..\..\..\test\commands\stealth-public.cpp">
      <Filter>src\tests\commands</Filter>
    </ClCompile>
    <ClCompile Include="..\..\..\..\test\commands\stealth-secret.cpp">
      <Filter>src\tests\commands</Filter>
    </ClCompile>
    <ClCompile Include="..\..\..\..\test\commands\stealth-shared.cpp">
      <Filter>src\tests\commands</Filter>
    </ClCompile>
    <ClCompile Include="..\..\..\..\test\commands\token-new.cpp">
      <Filter>src\tests\commands</Filter>
    </ClCompile>
    <ClCompile Include="..\..\..\..\test\commands\tx-decode.cpp">
      <Filter>src\tests\commands</Filter>
    </ClCompile>
    <ClCompile Include="..\..\..\..\test\commands\tx-encode.cpp">
      <Filter>src\tests\commands</Filter>
    </ClCompile>
    <ClCompile Include="..\..\..\..\test\commands\tx-sign.cpp">
      <Filter>src\tests\commands\stub</Filter>
    </ClCompile>
    <ClCompile Include="..\..\..\..\test\commands\uri-decode.cpp">
      <Filter>src\tests\commands</Filter>
    </ClCompile>
    <ClCompile Include="..\..\..\..\test\commands\uri-encode.cpp">
      <Filter>src\tests\commands</Filter>
    </ClCompile>
    <ClCompile Include="..\..\..\..\test\commands\validate-tx.cpp">
      <Filter>src\tests\commands\network</Filter>
    </ClCompile>
    <ClCompile Include="..\..\..\..\test\commands\watch-address.cpp">
      <Filter>src\tests\commands\network</Filter>
    </ClCompile>
    <ClCompile Include="..\..\..\..\test\commands\watch-tx.cpp">
      <Filter>src\tests\commands\stub</Filter>
    </ClCompile>
    <ClCompile Include="..\..\..\..\test\commands\wif-to-ec.cpp">
      <Filter>src\tests\commands</Filter>
    </ClCompile>
    <ClCompile Include="..\..\..\..\test\commands\wif-to-public.cpp">
      <Filter>src\tests\commands</Filter>
    </ClCompile>
    <ClCompile Include="..\..\..\..\test\commands\wrap-decode.cpp">
      <Filter>src\tests\commands</Filter>
    </ClCompile>
    <ClCompile Include="..\..\..\..\test\commands\wrap-encode.cpp">
      <Filter>src\tests\commands</Filter>
    </ClCompile>
    <ClCompile Include="..\..\..\..\test\config\address.cpp">
      <Filter>src\tests\config</Filter>
    </ClCompile>
    <ClCompile Include="..\..\..\..\test\generated__broadcast.cpp">
      <Filter>src\tests</Filter>
    </ClCompile>
    <ClCompile Include="..\..\..\..\test\generated__find.cpp">
      <Filter>src\tests</Filter>
    </ClCompile>
    <ClCompile Include="..\..\..\..\test\generated__formerly.cpp">
      <Filter>src\tests</Filter>
    </ClCompile>
    <ClCompile Include="..\..\..\..\test\generated__symbol.cpp">
      <Filter>src\tests</Filter>
    </ClCompile>
    <ClCompile Include="..\..\..\..\test\main.cpp">
      <Filter>src</Filter>
    </ClCompile>
  </ItemGroup>
  <ItemGroup>
    <ClInclude Include="..\..\..\..\test\commands\command.hpp">
      <Filter>src\tests\commands</Filter>
    </ClInclude>
  </ItemGroup>
</Project>
