<?xml version="1.0" encoding="utf-8"?>
<!--
#################################################################
#   GENERATED SOURCE CODE, DO NOT EDIT EXCEPT EXPERIMENTALLY    #
#################################################################
-->
<Project ToolsVersion="4.0" xmlns="http://schemas.microsoft.com/developer/msbuild/2003">
  <ItemGroup>
    <None Include="packages.config" />
  </ItemGroup>
  <ItemGroup>
    <Filter Include="include\command">
      <UniqueIdentifier>{8f3f62c0-53c7-4044-a1da-c3fcc9d27651}</UniqueIdentifier>
    </Filter>
	<Filter Include="include\command\obelisk">
      <UniqueIdentifier>{E9B42E1D-5F9D-41FA-AB9B-75D15069071C}</UniqueIdentifier>
    </Filter>
	<Filter Include="include\command\stub">
      <UniqueIdentifier>{1A3D8C7D-8801-42D9-8420-A7E95CD259AE}</UniqueIdentifier>
    </Filter>
    <Filter Include="include\serializer">
      <UniqueIdentifier>{3857250F-34CC-43E4-9781-68B9E01BBD9D}</UniqueIdentifier>
    </Filter>
    <Filter Include="include\utility">
      <UniqueIdentifier>{dc28e2c9-d07d-4242-8007-e44440c133a0}</UniqueIdentifier>
    </Filter>
    <Filter Include="include">
      <UniqueIdentifier>{f75d4585-8ee2-45e8-96ec-880c63fc243e}</UniqueIdentifier>
    </Filter>
    <Filter Include="src\command\obelisk">
      <UniqueIdentifier>{4085fba5-b358-4b3f-968f-ee8be943775f}</UniqueIdentifier>
    </Filter>
    <Filter Include="src\command\stub">
      <UniqueIdentifier>{e96f4bef-2d18-4897-9078-a8c17783ee65}</UniqueIdentifier>
    </Filter>
    <Filter Include="src\command">
      <UniqueIdentifier>{4085fba5-b358-4b3f-968f-ee8be943775f}</UniqueIdentifier>
    </Filter>
    <Filter Include="src\utility">
      <UniqueIdentifier>{c50b43cf-9009-45a6-b813-7a61877602f4}</UniqueIdentifier>
    </Filter>
    <Filter Include="src">
      <UniqueIdentifier>{6afc4dd0-6330-4dca-b176-cd4887f27b9f}</UniqueIdentifier>
    </Filter>
  </ItemGroup>
  <ItemGroup>
    <ClInclude Include="..\..\..\..\include\sx\command\addr.hpp">
      <Filter>include\command</Filter>
    </ClInclude>
    <ClInclude Include="..\..\..\..\include\sx\command\balance.hpp">
      <Filter>include\command\obelisk</Filter>
    </ClInclude>
    <ClInclude Include="..\..\..\..\include\sx\command\base58-decode.hpp">
      <Filter>include\command</Filter>
    </ClInclude>
    <ClInclude Include="..\..\..\..\include\sx\command\base58-encode.hpp">
      <Filter>include\command</Filter>
    </ClInclude>
    <ClInclude Include="..\..\..\..\include\sx\command\base58check-decode.hpp">
      <Filter>include\command\stub</Filter>
    </ClInclude>
    <ClInclude Include="..\..\..\..\include\sx\command\base58check-encode.hpp">
      <Filter>include\command\stub</Filter>
    </ClInclude>
    <ClInclude Include="..\..\..\..\include\sx\command\bci-fetch-last-height.hpp">
      <Filter>include\command\stub</Filter>
    </ClInclude>
    <ClInclude Include="..\..\..\..\include\sx\command\bci-history.hpp">
      <Filter>include\command\stub</Filter>
    </ClInclude>
    <ClInclude Include="..\..\..\..\include\sx\command\blke-fetch-transaction.hpp">
      <Filter>include\command\stub</Filter>
    </ClInclude>
    <ClInclude Include="..\..\..\..\include\sx\command\brainwallet.hpp">
      <Filter>include\command\stub</Filter>
    </ClInclude>
    <ClInclude Include="..\..\..\..\include\sx\command\btc.hpp">
      <Filter>include\command\stub</Filter>
    </ClInclude>
    <ClInclude Include="..\..\..\..\include\sx\command\decode-addr.hpp">
      <Filter>include\command</Filter>
    </ClInclude>
    <ClInclude Include="..\..\..\..\include\sx\command\ec-add.hpp">
      <Filter>include\command</Filter>
    </ClInclude>
    <ClInclude Include="..\..\..\..\include\sx\command\ec-add-secrets.hpp">
      <Filter>include\command</Filter>
    </ClInclude>
    <ClInclude Include="..\..\..\..\include\sx\command\ec-multiply.hpp">
      <Filter>include\command</Filter>
    </ClInclude>
    <ClInclude Include="..\..\..\..\include\sx\command\ec-multiply-secrets.hpp">
      <Filter>include\command</Filter>
    </ClInclude>
    <ClInclude Include="..\..\..\..\include\sx\command\encode-addr.hpp">
      <Filter>include\command</Filter>
    </ClInclude>
    <ClInclude Include="..\..\..\..\include\sx\command\help.hpp">
      <Filter>include\command</Filter>
    </ClInclude>
    <ClInclude Include="..\..\..\..\include\sx\command\satoshi.hpp">
      <Filter>include\command\stub</Filter>
    </ClInclude>
    <ClInclude Include="..\..\..\..\include\sx\command\stealth-addr.hpp">
      <Filter>include\command</Filter>
    </ClInclude>
    <ClInclude Include="..\..\..\..\include\sx\command\unwrap.hpp">
      <Filter>include\command</Filter>
    </ClInclude>
    <ClInclude Include="..\..\..\..\include\sx\command\wrap.hpp">
      <Filter>include\command</Filter>
    </ClInclude>
    <ClInclude Include="..\..\..\..\include\sx\serializer\address.hpp">
      <Filter>include\serializer</Filter>
    </ClInclude>
    <ClInclude Include="..\..\..\..\include\sx\serializer\base58.hpp">
      <Filter>include\serializer</Filter>
    </ClInclude>
    <ClInclude Include="..\..\..\..\include\sx\serializer\byte.hpp">
      <Filter>include\serializer</Filter>
    </ClInclude>
    <ClInclude Include="..\..\..\..\include\sx\serializer\bytes.hpp">
      <Filter>include\serializer</Filter>
    </ClInclude>
    <ClInclude Include="..\..\..\..\include\sx\serializer\point.hpp">
      <Filter>include\serializer</Filter>
    </ClInclude>
    <ClInclude Include="..\..\..\..\include\sx\serializer\secret.hpp">
      <Filter>include\serializer</Filter>
    </ClInclude>
    <ClInclude Include="..\..\..\..\include\sx\utility\coin.hpp">
      <Filter>include\utility</Filter>
    </ClInclude>
    <ClInclude Include="..\..\..\..\include\sx\utility\compat.hpp">
      <Filter>include\utility</Filter>
    </ClInclude>
    <ClInclude Include="..\..\..\..\include\sx\utility\config.hpp">
      <Filter>include\utility</Filter>
    </ClInclude>
    <ClInclude Include="..\..\..\..\include\sx\utility\console.hpp">
      <Filter>include\utility</Filter>
    </ClInclude>
    <ClInclude Include="..\..\..\..\include\sx\utility\environment.hpp">
      <Filter>include\utility</Filter>
    </ClInclude>
    <ClInclude Include="..\..\..\..\include\sx\utility\parameter.hpp">
      <Filter>include\utility</Filter>
    </ClInclude>
    <ClInclude Include="..\..\..\..\include\sx\utility\printer.hpp">
      <Filter>include\utility</Filter>
    </ClInclude>
    <ClInclude Include="..\..\..\..\include\sx\command.hpp">
      <Filter>include</Filter>
    </ClInclude>
    <ClInclude Include="..\..\..\..\include\sx\define.hpp">
      <Filter>include</Filter>
    </ClInclude>
    <ClInclude Include="..\..\..\..\include\sx\dispatch.hpp">
      <Filter>include</Filter>
    </ClInclude>
    <ClInclude Include="..\..\..\..\include\sx\display.hpp">
      <Filter>include</Filter>
    </ClInclude>
    <ClInclude Include="..\..\..\..\include\sx\generated.hpp">
      <Filter>include</Filter>
    </ClInclude>
    <ClInclude Include="..\..\..\..\include\sx\obelisk.hpp">
      <Filter>include</Filter>
    </ClInclude>
    <ClInclude Include="..\..\..\..\include\sx\sx.hpp">
      <Filter>include</Filter>
    </ClInclude>
  </ItemGroup>
  <ItemGroup>
    <ClCompile Include="..\..\..\..\src\addr.cpp">
      <Filter>src\command</Filter>
    </ClCompile>
    <ClCompile Include="..\..\..\..\src\balance.cpp">
      <Filter>src\command\obelisk</Filter>
    </ClCompile>
    <ClCompile Include="..\..\..\..\src\base58-decode.cpp">
      <Filter>src\command</Filter>
    </ClCompile>
    <ClCompile Include="..\..\..\..\src\base58-encode.cpp">
      <Filter>src\command</Filter>
    </ClCompile>
    <ClCompile Include="..\..\..\..\src\base58check-decode.cpp">
      <Filter>src\command\stub</Filter>
    </ClCompile>
    <ClCompile Include="..\..\..\..\src\base58check-encode.cpp">
      <Filter>src\command\stub</Filter>
    </ClCompile>
    <ClCompile Include="..\..\..\..\src\bci-fetch-last-height.cpp">
      <Filter>src\command\stub</Filter>
    </ClCompile>
    <ClCompile Include="..\..\..\..\src\bci-history.cpp">
      <Filter>src\command\stub</Filter>
    </ClCompile>
    <ClCompile Include="..\..\..\..\src\blke-fetch-transaction.cpp">
      <Filter>src\command\stub</Filter>
    </ClCompile>
    <ClCompile Include="..\..\..\..\src\brainwallet.cpp">
      <Filter>src\command\stub</Filter>
    </ClCompile>
    <ClCompile Include="..\..\..\..\src\btc.cpp">
      <Filter>src\command\stub</Filter>
    </ClCompile>
    <ClCompile Include="..\..\..\..\src\decode-addr.cpp">
      <Filter>src\command</Filter>
    </ClCompile>
    <ClCompile Include="..\..\..\..\src\ec-add.cpp">
      <Filter>src\command</Filter>
    </ClCompile>
    <ClCompile Include="..\..\..\..\src\ec-add-secrets.cpp">
      <Filter>src\command</Filter>
    </ClCompile>
    <ClCompile Include="..\..\..\..\src\ec-multiply.cpp">
      <Filter>src\command</Filter>
    </ClCompile>
    <ClCompile Include="..\..\..\..\src\ec-multiply-secrets.cpp">
      <Filter>src\command</Filter>
    </ClCompile>
    <ClCompile Include="..\..\..\..\src\encode-addr.cpp">
      <Filter>src\command</Filter>
    </ClCompile>
    <ClCompile Include="..\..\..\..\src\help.cpp">
      <Filter>src\command</Filter>
    </ClCompile>
    <ClCompile Include="..\..\..\..\src\satoshi.cpp">
      <Filter>src\command\stub</Filter>
    </ClCompile>
    <ClCompile Include="..\..\..\..\src\stealth-addr.cpp">
      <Filter>src\command</Filter>
    </ClCompile>
    <ClCompile Include="..\..\..\..\src\unwrap.cpp">
      <Filter>src\command</Filter>
    </ClCompile>
    <ClCompile Include="..\..\..\..\src\wrap.cpp">
      <Filter>src\command</Filter>
    </ClCompile>
    <ClCompile Include="..\..\..\..\src\utility\coin.cpp">
      <Filter>src\utility</Filter>
    </ClCompile>
    <ClCompile Include="..\..\..\..\src\utility\config.cpp">
      <Filter>src\utility</Filter>
    </ClCompile>
    <ClCompile Include="..\..\..\..\src\utility\console.cpp">
      <Filter>src\utility</Filter>
    </ClCompile>
    <ClCompile Include="..\..\..\..\src\utility\environment.cpp">
      <Filter>src\utility</Filter>
    </ClCompile>
    <ClCompile Include="..\..\..\..\src\utility\parameter.cpp">
      <Filter>src\utility</Filter>
    </ClCompile>
    <ClCompile Include="..\..\..\..\src\utility\printer.cpp">
      <Filter>src\utility</Filter>
    </ClCompile>
    <ClCompile Include="..\..\..\..\src\dispatch.cpp">
      <Filter>src</Filter>
    </ClCompile>
    <ClCompile Include="..\..\..\..\src\display.cpp">
      <Filter>src</Filter>
    </ClCompile>
    <ClCompile Include="..\..\..\..\src\generated.cpp">
      <Filter>src</Filter>
    </ClCompile>
    <ClCompile Include="..\..\..\..\src\obelisk.cpp">
      <Filter>src</Filter>
    </ClCompile>
  </ItemGroup>
</Project>
